// !$*UTF8*$!
{
	archiveVersion = 1;
	classes = {
	};
	objectVersion = 46;
	objects = {

/* Begin PBXBuildFile section */
		425129A1FA35F8A1BFD9490D /* libPods-GIFMomentCameraUITests.a in Frameworks */ = {isa = PBXBuildFile; fileRef = CB0BD390F33AACEF6A1AB9A9 /* libPods-GIFMomentCameraUITests.a */; };
		728226381EFD76CA0014DCAC /* Phosphate.ttc in Resources */ = {isa = PBXBuildFile; fileRef = 72DAEA921EFD71D700D17F34 /* Phosphate.ttc */; };
		8D0FC0BD1EFBC136004B634E /* BlurMenu.m in Sources */ = {isa = PBXBuildFile; fileRef = 8D0FC0BA1EFBC136004B634E /* BlurMenu.m */; };
		8D0FC0BE1EFBC136004B634E /* BlurMenuItemCell.m in Sources */ = {isa = PBXBuildFile; fileRef = 8D0FC0BC1EFBC136004B634E /* BlurMenuItemCell.m */; };
		8D0FC0C11EFBC1FD004B634E /* UIImage+ImageEffects.m in Sources */ = {isa = PBXBuildFile; fileRef = 8D0FC0C01EFBC1FD004B634E /* UIImage+ImageEffects.m */; };
		8D0FC0C31EFBCAFF004B634E /* CoreGraphics.framework in Frameworks */ = {isa = PBXBuildFile; fileRef = 8D0FC0C21EFBCAFF004B634E /* CoreGraphics.framework */; };
		8D0FC0CA1EFCAD8C004B634E /* SCRecordSessionManager.m in Sources */ = {isa = PBXBuildFile; fileRef = 8D0FC0C91EFCAD8C004B634E /* SCRecordSessionManager.m */; };
		8D8476581EFD100E00A18A09 /* MTSFilterDataModel.m in Sources */ = {isa = PBXBuildFile; fileRef = 8D8476571EFD100E00A18A09 /* MTSFilterDataModel.m */; };
		8D84765B1EFD685B00A18A09 /* Filter_Motion_Blur.cisf in Resources */ = {isa = PBXBuildFile; fileRef = 8D84765A1EFD685B00A18A09 /* Filter_Motion_Blur.cisf */; };
		8D84765D1EFD6ACC00A18A09 /* Filter_Sharp.cisf in Resources */ = {isa = PBXBuildFile; fileRef = 8D84765C1EFD6ACC00A18A09 /* Filter_Sharp.cisf */; };
		8D84765F1EFD6DBE00A18A09 /* Filter_Normal.cisf in Resources */ = {isa = PBXBuildFile; fileRef = 8D84765E1EFD6DBE00A18A09 /* Filter_Normal.cisf */; };
		8D8476701F010A9D00A18A09 /* .gitkeep in Resources */ = {isa = PBXBuildFile; fileRef = 8D8476661F010A9D00A18A09 /* .gitkeep */; };
		8D8476711F010A9D00A18A09 /* alert-round.png in Resources */ = {isa = PBXBuildFile; fileRef = 8D8476671F010A9D00A18A09 /* alert-round.png */; };
		8D8476721F010A9D00A18A09 /* checkmark-round.png in Resources */ = {isa = PBXBuildFile; fileRef = 8D8476681F010A9D00A18A09 /* checkmark-round.png */; };
		8D8476731F010A9D00A18A09 /* close-round.png in Resources */ = {isa = PBXBuildFile; fileRef = 8D8476691F010A9D00A18A09 /* close-round.png */; };
		8D8476741F010A9D00A18A09 /* heart.png in Resources */ = {isa = PBXBuildFile; fileRef = 8D84766A1F010A9D00A18A09 /* heart.png */; };
		8D8476751F010A9D00A18A09 /* star.png in Resources */ = {isa = PBXBuildFile; fileRef = 8D84766B1F010A9D00A18A09 /* star.png */; };
		8D8476761F010A9D00A18A09 /* .gitkeep in Resources */ = {isa = PBXBuildFile; fileRef = 8D84766D1F010A9D00A18A09 /* .gitkeep */; };
		8D8476771F010A9D00A18A09 /* FCAlertView.m in Sources */ = {isa = PBXBuildFile; fileRef = 8D84766F1F010A9D00A18A09 /* FCAlertView.m */; };
		8D84767E1F02049600A18A09 /* IQLabelView.bundle in Resources */ = {isa = PBXBuildFile; fileRef = 8D8476791F02049600A18A09 /* IQLabelView.bundle */; };
		8D84767F1F02049600A18A09 /* IQLabelView.m in Sources */ = {isa = PBXBuildFile; fileRef = 8D84767B1F02049600A18A09 /* IQLabelView.m */; };
		8D8476801F02049600A18A09 /* UITextField+DynamicFontSize.m in Sources */ = {isa = PBXBuildFile; fileRef = 8D84767D1F02049600A18A09 /* UITextField+DynamicFontSize.m */; };
		8D8476891F023A2B00A18A09 /* MTSVideoOverlayView.m in Sources */ = {isa = PBXBuildFile; fileRef = 8D8476881F023A2B00A18A09 /* MTSVideoOverlayView.m */; };
		8D87448A1EFB89A800025AE4 /* main.m in Sources */ = {isa = PBXBuildFile; fileRef = 8D8744891EFB89A800025AE4 /* main.m */; };
		8D87448D1EFB89A800025AE4 /* AppDelegate.m in Sources */ = {isa = PBXBuildFile; fileRef = 8D87448C1EFB89A800025AE4 /* AppDelegate.m */; };
		8D8744951EFB89A800025AE4 /* Assets.xcassets in Resources */ = {isa = PBXBuildFile; fileRef = 8D8744941EFB89A800025AE4 /* Assets.xcassets */; };
		8D8744A31EFB89A800025AE4 /* GIFMomentCameraTests.m in Sources */ = {isa = PBXBuildFile; fileRef = 8D8744A21EFB89A800025AE4 /* GIFMomentCameraTests.m */; };
		8D8744AE1EFB89A800025AE4 /* GIFMomentCameraUITests.m in Sources */ = {isa = PBXBuildFile; fileRef = 8D8744AD1EFB89A800025AE4 /* GIFMomentCameraUITests.m */; };
		8D8744C51EFB8A4F00025AE4 /* MTSSettingViewController.m in Sources */ = {isa = PBXBuildFile; fileRef = 8D8744C31EFB8A4F00025AE4 /* MTSSettingViewController.m */; };
		8D8744C61EFB8A4F00025AE4 /* MTSSettingViewController.xib in Resources */ = {isa = PBXBuildFile; fileRef = 8D8744C41EFB8A4F00025AE4 /* MTSSettingViewController.xib */; };
		8D8744CA1EFB8A6E00025AE4 /* MTSCustomizationViewController.m in Sources */ = {isa = PBXBuildFile; fileRef = 8D8744C81EFB8A6E00025AE4 /* MTSCustomizationViewController.m */; };
		8D8744CB1EFB8A6E00025AE4 /* MTSCustomizationViewController.xib in Resources */ = {isa = PBXBuildFile; fileRef = 8D8744C91EFB8A6E00025AE4 /* MTSCustomizationViewController.xib */; };
		8D8744CF1EFB8AA600025AE4 /* NSGIF.m in Sources */ = {isa = PBXBuildFile; fileRef = 8D8744CE1EFB8AA600025AE4 /* NSGIF.m */; };
		8D8744D31EFB8ADE00025AE4 /* SDRecordButton.m in Sources */ = {isa = PBXBuildFile; fileRef = 8D8744D21EFB8ADE00025AE4 /* SDRecordButton.m */; };
		8D9E4EE11EFCDD94006D9541 /* Filter_Bump.cisf in Resources */ = {isa = PBXBuildFile; fileRef = 8D9E4EC21EFCDD94006D9541 /* Filter_Bump.cisf */; };
		8D9E4EE21EFCDD94006D9541 /* Filter_Chrome.cisf in Resources */ = {isa = PBXBuildFile; fileRef = 8D9E4EC31EFCDD94006D9541 /* Filter_Chrome.cisf */; };
		8D9E4EE31EFCDD94006D9541 /* Filter_Colorful.cisf in Resources */ = {isa = PBXBuildFile; fileRef = 8D9E4EC41EFCDD94006D9541 /* Filter_Colorful.cisf */; };
		8D9E4EE41EFCDD94006D9541 /* Filter_Comic.cisf in Resources */ = {isa = PBXBuildFile; fileRef = 8D9E4EC51EFCDD94006D9541 /* Filter_Comic.cisf */; };
		8D9E4EE51EFCDD94006D9541 /* Filter_Dark.cisf in Resources */ = {isa = PBXBuildFile; fileRef = 8D9E4EC61EFCDD94006D9541 /* Filter_Dark.cisf */; };
		8D9E4EE61EFCDD94006D9541 /* Filter_Dot.cisf in Resources */ = {isa = PBXBuildFile; fileRef = 8D9E4EC71EFCDD94006D9541 /* Filter_Dot.cisf */; };
		8D9E4EE71EFCDD94006D9541 /* Filter_Droste.cisf in Resources */ = {isa = PBXBuildFile; fileRef = 8D9E4EC81EFCDD94006D9541 /* Filter_Droste.cisf */; };
		8D9E4EE81EFCDD94006D9541 /* Filter_Exposure.cisf in Resources */ = {isa = PBXBuildFile; fileRef = 8D9E4EC91EFCDD94006D9541 /* Filter_Exposure.cisf */; };
		8D9E4EE91EFCDD94006D9541 /* Filter_Fade.cisf in Resources */ = {isa = PBXBuildFile; fileRef = 8D9E4ECA1EFCDD94006D9541 /* Filter_Fade.cisf */; };
		8D9E4EEA1EFCDD94006D9541 /* Filter_Ghost.cisf in Resources */ = {isa = PBXBuildFile; fileRef = 8D9E4ECB1EFCDD94006D9541 /* Filter_Ghost.cisf */; };
		8D9E4EEB1EFCDD94006D9541 /* Filter_GlideReflectedTile.cisf in Resources */ = {isa = PBXBuildFile; fileRef = 8D9E4ECC1EFCDD94006D9541 /* Filter_GlideReflectedTile.cisf */; };
		8D9E4EEC1EFCDD94006D9541 /* Filter_Gloom.cisf in Resources */ = {isa = PBXBuildFile; fileRef = 8D9E4ECD1EFCDD94006D9541 /* Filter_Gloom.cisf */; };
		8D9E4EED1EFCDD94006D9541 /* Filter_Halftone.cisf in Resources */ = {isa = PBXBuildFile; fileRef = 8D9E4ECE1EFCDD94006D9541 /* Filter_Halftone.cisf */; };
		8D9E4EEE1EFCDD94006D9541 /* Filter_Hue_Green.cisf in Resources */ = {isa = PBXBuildFile; fileRef = 8D9E4ECF1EFCDD94006D9541 /* Filter_Hue_Green.cisf */; };
		8D9E4EEF1EFCDD94006D9541 /* Filter_Hue_Rose.cisf in Resources */ = {isa = PBXBuildFile; fileRef = 8D9E4ED01EFCDD94006D9541 /* Filter_Hue_Rose.cisf */; };
		8D9E4EF01EFCDD94006D9541 /* Filter_Instant.cisf in Resources */ = {isa = PBXBuildFile; fileRef = 8D9E4ED11EFCDD94006D9541 /* Filter_Instant.cisf */; };
		8D9E4EF11EFCDD94006D9541 /* Filter_Kaleidoscope.cisf in Resources */ = {isa = PBXBuildFile; fileRef = 8D9E4ED21EFCDD94006D9541 /* Filter_Kaleidoscope.cisf */; };
		8D9E4EF21EFCDD94006D9541 /* Filter_Lines.cisf in Resources */ = {isa = PBXBuildFile; fileRef = 8D9E4ED31EFCDD94006D9541 /* Filter_Lines.cisf */; };
		8D9E4EF31EFCDD94006D9541 /* Filter_Mono.cisf in Resources */ = {isa = PBXBuildFile; fileRef = 8D9E4ED41EFCDD94006D9541 /* Filter_Mono.cisf */; };
		8D9E4EF41EFCDD94006D9541 /* Filter_MotionBlur.cisf in Resources */ = {isa = PBXBuildFile; fileRef = 8D9E4ED51EFCDD94006D9541 /* Filter_MotionBlur.cisf */; };
		8D9E4EF51EFCDD94006D9541 /* Filter_Parallelogram.cisf in Resources */ = {isa = PBXBuildFile; fileRef = 8D9E4ED61EFCDD94006D9541 /* Filter_Parallelogram.cisf */; };
		8D9E4EF61EFCDD94006D9541 /* Filter_Pixellate.cisf in Resources */ = {isa = PBXBuildFile; fileRef = 8D9E4ED71EFCDD94006D9541 /* Filter_Pixellate.cisf */; };
		8D9E4EF71EFCDD94006D9541 /* Filter_Poster.cisf in Resources */ = {isa = PBXBuildFile; fileRef = 8D9E4ED81EFCDD94006D9541 /* Filter_Poster.cisf */; };
		8D9E4EF81EFCDD94006D9541 /* Filter_Process.cisf in Resources */ = {isa = PBXBuildFile; fileRef = 8D9E4ED91EFCDD94006D9541 /* Filter_Process.cisf */; };
		8D9E4EF91EFCDD94006D9541 /* Filter_SepiaTone.cisf in Resources */ = {isa = PBXBuildFile; fileRef = 8D9E4EDA1EFCDD94006D9541 /* Filter_SepiaTone.cisf */; };
		8D9E4EFB1EFCDD94006D9541 /* Filter_Thermal.cisf in Resources */ = {isa = PBXBuildFile; fileRef = 8D9E4EDC1EFCDD94006D9541 /* Filter_Thermal.cisf */; };
		8D9E4EFC1EFCDD94006D9541 /* Filter_Vortex.cisf in Resources */ = {isa = PBXBuildFile; fileRef = 8D9E4EDD1EFCDD94006D9541 /* Filter_Vortex.cisf */; };
		8D9E4EFD1EFCDD94006D9541 /* Filter_Warm.cisf in Resources */ = {isa = PBXBuildFile; fileRef = 8D9E4EDE1EFCDD94006D9541 /* Filter_Warm.cisf */; };
		8D9E4EFE1EFCDD94006D9541 /* Filter_ZoomBlur.cisf in Resources */ = {isa = PBXBuildFile; fileRef = 8D9E4EDF1EFCDD94006D9541 /* Filter_ZoomBlur.cisf */; };
		8D9E4F041EFCEF10006D9541 /* MTSFilterCollectionViewCell.m in Sources */ = {isa = PBXBuildFile; fileRef = 8D9E4F021EFCEF10006D9541 /* MTSFilterCollectionViewCell.m */; };
		8D9E4F051EFCEF10006D9541 /* MTSFilterCollectionViewCell.xib in Resources */ = {isa = PBXBuildFile; fileRef = 8D9E4F031EFCEF10006D9541 /* MTSFilterCollectionViewCell.xib */; };
		8D9E4F071EFD0B7A006D9541 /* filtersData.json in Resources */ = {isa = PBXBuildFile; fileRef = 8D9E4F061EFD0B7A006D9541 /* filtersData.json */; };
		8D9E4F091EFD0CC6006D9541 /* Filter_Noir.cisf in Resources */ = {isa = PBXBuildFile; fileRef = 8D9E4F081EFD0CC6006D9541 /* Filter_Noir.cisf */; };
		8D9F46B21EFB8FAD0015A94B /* MTSMainViewController.m in Sources */ = {isa = PBXBuildFile; fileRef = 8D9F46B01EFB8FAD0015A94B /* MTSMainViewController.m */; };
		8D9F46B31EFB8FAD0015A94B /* MTSMainViewController.xib in Resources */ = {isa = PBXBuildFile; fileRef = 8D9F46B11EFB8FAD0015A94B /* MTSMainViewController.xib */; };
		8D9F46FD1EFB94BF0015A94B /* DGActivityIndicatorAnimation.m in Sources */ = {isa = PBXBuildFile; fileRef = 8D9F46B71EFB94BF0015A94B /* DGActivityIndicatorAnimation.m */; };
		8D9F46FE1EFB94C00015A94B /* DGActivityIndicatorBallBeatAnimation.m in Sources */ = {isa = PBXBuildFile; fileRef = 8D9F46B91EFB94BF0015A94B /* DGActivityIndicatorBallBeatAnimation.m */; };
		8D9F46FF1EFB94C00015A94B /* DGActivityIndicatorBallClipRotateAnimation.m in Sources */ = {isa = PBXBuildFile; fileRef = 8D9F46BB1EFB94BF0015A94B /* DGActivityIndicatorBallClipRotateAnimation.m */; };
		8D9F47001EFB94C00015A94B /* DGActivityIndicatorBallClipRotateMultipleAnimation.m in Sources */ = {isa = PBXBuildFile; fileRef = 8D9F46BD1EFB94BF0015A94B /* DGActivityIndicatorBallClipRotateMultipleAnimation.m */; };
		8D9F47011EFB94C00015A94B /* DGActivityIndicatorBallClipRotatePulseAnimation.m in Sources */ = {isa = PBXBuildFile; fileRef = 8D9F46BF1EFB94BF0015A94B /* DGActivityIndicatorBallClipRotatePulseAnimation.m */; };
		8D9F47021EFB94C00015A94B /* DGActivityIndicatorBallGridBeatAnimation.m in Sources */ = {isa = PBXBuildFile; fileRef = 8D9F46C11EFB94BF0015A94B /* DGActivityIndicatorBallGridBeatAnimation.m */; };
		8D9F47031EFB94C00015A94B /* DGActivityIndicatorBallGridPulseAnimation.m in Sources */ = {isa = PBXBuildFile; fileRef = 8D9F46C31EFB94BF0015A94B /* DGActivityIndicatorBallGridPulseAnimation.m */; };
		8D9F47041EFB94C00015A94B /* DGActivityIndicatorBallPulseAnimation.m in Sources */ = {isa = PBXBuildFile; fileRef = 8D9F46C51EFB94BF0015A94B /* DGActivityIndicatorBallPulseAnimation.m */; };
		8D9F47051EFB94C00015A94B /* DGActivityIndicatorBallPulseSyncAnimation.m in Sources */ = {isa = PBXBuildFile; fileRef = 8D9F46C71EFB94BF0015A94B /* DGActivityIndicatorBallPulseSyncAnimation.m */; };
		8D9F47061EFB94C00015A94B /* DGActivityIndicatorBallRotateAnimation.m in Sources */ = {isa = PBXBuildFile; fileRef = 8D9F46C91EFB94BF0015A94B /* DGActivityIndicatorBallRotateAnimation.m */; };
		8D9F47071EFB94C00015A94B /* DGActivityIndicatorBallScaleAnimation.m in Sources */ = {isa = PBXBuildFile; fileRef = 8D9F46CB1EFB94BF0015A94B /* DGActivityIndicatorBallScaleAnimation.m */; };
		8D9F47081EFB94C00015A94B /* DGActivityIndicatorBallScaleMultipleAnimation.m in Sources */ = {isa = PBXBuildFile; fileRef = 8D9F46CD1EFB94BF0015A94B /* DGActivityIndicatorBallScaleMultipleAnimation.m */; };
		8D9F47091EFB94C00015A94B /* DGActivityIndicatorBallScaleRippleAnimation.m in Sources */ = {isa = PBXBuildFile; fileRef = 8D9F46CF1EFB94BF0015A94B /* DGActivityIndicatorBallScaleRippleAnimation.m */; };
		8D9F470A1EFB94C00015A94B /* DGActivityIndicatorBallScaleRippleMultipleAnimation.m in Sources */ = {isa = PBXBuildFile; fileRef = 8D9F46D11EFB94BF0015A94B /* DGActivityIndicatorBallScaleRippleMultipleAnimation.m */; };
		8D9F470B1EFB94C00015A94B /* DGActivityIndicatorBallSpinFadeLoader.m in Sources */ = {isa = PBXBuildFile; fileRef = 8D9F46D31EFB94BF0015A94B /* DGActivityIndicatorBallSpinFadeLoader.m */; };
		8D9F470C1EFB94C00015A94B /* DGActivityIndicatorBallTrianglePathAnimation.m in Sources */ = {isa = PBXBuildFile; fileRef = 8D9F46D51EFB94BF0015A94B /* DGActivityIndicatorBallTrianglePathAnimation.m */; };
		8D9F470D1EFB94C00015A94B /* DGActivityIndicatorBallZigZagAnimation.m in Sources */ = {isa = PBXBuildFile; fileRef = 8D9F46D71EFB94BF0015A94B /* DGActivityIndicatorBallZigZagAnimation.m */; };
		8D9F470E1EFB94C00015A94B /* DGActivityIndicatorBallZigZagDeflectAnimation.m in Sources */ = {isa = PBXBuildFile; fileRef = 8D9F46D91EFB94BF0015A94B /* DGActivityIndicatorBallZigZagDeflectAnimation.m */; };
		8D9F470F1EFB94C00015A94B /* DGActivityIndicatorCookieTerminatorAnimation.m in Sources */ = {isa = PBXBuildFile; fileRef = 8D9F46DB1EFB94BF0015A94B /* DGActivityIndicatorCookieTerminatorAnimation.m */; };
		8D9F47101EFB94C00015A94B /* DGActivityIndicatorDoubleBounceAnimation.m in Sources */ = {isa = PBXBuildFile; fileRef = 8D9F46DD1EFB94BF0015A94B /* DGActivityIndicatorDoubleBounceAnimation.m */; };
		8D9F47111EFB94C00015A94B /* DGActivityIndicatorFiveDotsAnimation.m in Sources */ = {isa = PBXBuildFile; fileRef = 8D9F46DF1EFB94BF0015A94B /* DGActivityIndicatorFiveDotsAnimation.m */; };
		8D9F47121EFB94C00015A94B /* DGActivityIndicatorLineScaleAnimation.m in Sources */ = {isa = PBXBuildFile; fileRef = 8D9F46E11EFB94BF0015A94B /* DGActivityIndicatorLineScaleAnimation.m */; };
		8D9F47131EFB94C00015A94B /* DGActivityIndicatorLineScalePartyAnimation.m in Sources */ = {isa = PBXBuildFile; fileRef = 8D9F46E31EFB94BF0015A94B /* DGActivityIndicatorLineScalePartyAnimation.m */; };
		8D9F47141EFB94C00015A94B /* DGActivityIndicatorLineScalePulseOutAnimation.m in Sources */ = {isa = PBXBuildFile; fileRef = 8D9F46E51EFB94BF0015A94B /* DGActivityIndicatorLineScalePulseOutAnimation.m */; };
		8D9F47151EFB94C00015A94B /* DGActivityIndicatorLineScalePulseOutRapidAnimation.m in Sources */ = {isa = PBXBuildFile; fileRef = 8D9F46E71EFB94BF0015A94B /* DGActivityIndicatorLineScalePulseOutRapidAnimation.m */; };
		8D9F47161EFB94C00015A94B /* DGActivityIndicatorNineDotsAnimation.m in Sources */ = {isa = PBXBuildFile; fileRef = 8D9F46E91EFB94BF0015A94B /* DGActivityIndicatorNineDotsAnimation.m */; };
		8D9F47171EFB94C00015A94B /* DGActivityIndicatorRotatingSandglassAnimation.m in Sources */ = {isa = PBXBuildFile; fileRef = 8D9F46EB1EFB94BF0015A94B /* DGActivityIndicatorRotatingSandglassAnimation.m */; };
		8D9F47181EFB94C00015A94B /* DGActivityIndicatorRotatingSquaresAnimation.m in Sources */ = {isa = PBXBuildFile; fileRef = 8D9F46ED1EFB94BF0015A94B /* DGActivityIndicatorRotatingSquaresAnimation.m */; };
		8D9F47191EFB94C00015A94B /* DGActivityIndicatorRotatingTrigonAnimation.m in Sources */ = {isa = PBXBuildFile; fileRef = 8D9F46EF1EFB94BF0015A94B /* DGActivityIndicatorRotatingTrigonAnimation.m */; };
		8D9F471A1EFB94C00015A94B /* DGActivityIndicatorThreeDotsAnimation.m in Sources */ = {isa = PBXBuildFile; fileRef = 8D9F46F11EFB94BF0015A94B /* DGActivityIndicatorThreeDotsAnimation.m */; };
		8D9F471B1EFB94C00015A94B /* DGActivityIndicatorTriangleSkewSpinAnimation.m in Sources */ = {isa = PBXBuildFile; fileRef = 8D9F46F31EFB94BF0015A94B /* DGActivityIndicatorTriangleSkewSpinAnimation.m */; };
		8D9F471C1EFB94C00015A94B /* DGActivityIndicatorTriplePulseAnimation.m in Sources */ = {isa = PBXBuildFile; fileRef = 8D9F46F51EFB94BF0015A94B /* DGActivityIndicatorTriplePulseAnimation.m */; };
		8D9F471D1EFB94C00015A94B /* DGActivityIndicatorTripleRingsAnimation.m in Sources */ = {isa = PBXBuildFile; fileRef = 8D9F46F71EFB94BF0015A94B /* DGActivityIndicatorTripleRingsAnimation.m */; };
		8D9F471E1EFB94C00015A94B /* DGActivityIndicatorTwoDotsAnimation.m in Sources */ = {isa = PBXBuildFile; fileRef = 8D9F46F91EFB94BF0015A94B /* DGActivityIndicatorTwoDotsAnimation.m */; };
		8D9F471F1EFB94C00015A94B /* DGActivityIndicatorView.m in Sources */ = {isa = PBXBuildFile; fileRef = 8D9F46FC1EFB94BF0015A94B /* DGActivityIndicatorView.m */; };
		97038E85D56DF69E5C4E4B27 /* libPods-GIFMomentCameraTests.a in Frameworks */ = {isa = PBXBuildFile; fileRef = 4F4FD8A7DBECECDAA346E8B4 /* libPods-GIFMomentCameraTests.a */; };
		F2865D39F0953A1A0F5F2530 /* libPods-GIFMomentCamera.a in Frameworks */ = {isa = PBXBuildFile; fileRef = 82606728FD787B359AC59042 /* libPods-GIFMomentCamera.a */; };
/* End PBXBuildFile section */

/* Begin PBXContainerItemProxy section */
		8D87449F1EFB89A800025AE4 /* PBXContainerItemProxy */ = {
			isa = PBXContainerItemProxy;
			containerPortal = 8D87447D1EFB89A800025AE4 /* Project object */;
			proxyType = 1;
			remoteGlobalIDString = 8D8744841EFB89A800025AE4;
			remoteInfo = GIFMomentCamera;
		};
		8D8744AA1EFB89A800025AE4 /* PBXContainerItemProxy */ = {
			isa = PBXContainerItemProxy;
			containerPortal = 8D87447D1EFB89A800025AE4 /* Project object */;
			proxyType = 1;
			remoteGlobalIDString = 8D8744841EFB89A800025AE4;
			remoteInfo = GIFMomentCamera;
		};
/* End PBXContainerItemProxy section */

/* Begin PBXFileReference section */
		00AD29F848EE6426AA8093A7 /* Pods-GIFMomentCamera.debug.xcconfig */ = {isa = PBXFileReference; includeInIndex = 1; lastKnownFileType = text.xcconfig; name = "Pods-GIFMomentCamera.debug.xcconfig"; path = "Pods/Target Support Files/Pods-GIFMomentCamera/Pods-GIFMomentCamera.debug.xcconfig"; sourceTree = "<group>"; };
		21337B17F96AE616D4F9A554 /* Pods-GIFMomentCameraUITests.release.xcconfig */ = {isa = PBXFileReference; includeInIndex = 1; lastKnownFileType = text.xcconfig; name = "Pods-GIFMomentCameraUITests.release.xcconfig"; path = "Pods/Target Support Files/Pods-GIFMomentCameraUITests/Pods-GIFMomentCameraUITests.release.xcconfig"; sourceTree = "<group>"; };
		4F4FD8A7DBECECDAA346E8B4 /* libPods-GIFMomentCameraTests.a */ = {isa = PBXFileReference; explicitFileType = archive.ar; includeInIndex = 0; path = "libPods-GIFMomentCameraTests.a"; sourceTree = BUILT_PRODUCTS_DIR; };
		5BDDCBA160E1D8E82FF75B55 /* Pods-GIFMomentCameraUITests.debug.xcconfig */ = {isa = PBXFileReference; includeInIndex = 1; lastKnownFileType = text.xcconfig; name = "Pods-GIFMomentCameraUITests.debug.xcconfig"; path = "Pods/Target Support Files/Pods-GIFMomentCameraUITests/Pods-GIFMomentCameraUITests.debug.xcconfig"; sourceTree = "<group>"; };
		6D0830479FE1A317D0126F0F /* Pods-GIFMomentCameraTests.release.xcconfig */ = {isa = PBXFileReference; includeInIndex = 1; lastKnownFileType = text.xcconfig; name = "Pods-GIFMomentCameraTests.release.xcconfig"; path = "Pods/Target Support Files/Pods-GIFMomentCameraTests/Pods-GIFMomentCameraTests.release.xcconfig"; sourceTree = "<group>"; };
		72DAEA921EFD71D700D17F34 /* Phosphate.ttc */ = {isa = PBXFileReference; lastKnownFileType = file; path = Phosphate.ttc; sourceTree = "<group>"; };
		82606728FD787B359AC59042 /* libPods-GIFMomentCamera.a */ = {isa = PBXFileReference; explicitFileType = archive.ar; includeInIndex = 0; path = "libPods-GIFMomentCamera.a"; sourceTree = BUILT_PRODUCTS_DIR; };
		8D0FC0AF1EFB9F18004B634E /* Common.h */ = {isa = PBXFileReference; fileEncoding = 4; lastKnownFileType = sourcecode.c.h; path = Common.h; sourceTree = "<group>"; };
		8D0FC0B91EFBC136004B634E /* BlurMenu.h */ = {isa = PBXFileReference; fileEncoding = 4; lastKnownFileType = sourcecode.c.h; path = BlurMenu.h; sourceTree = "<group>"; };
		8D0FC0BA1EFBC136004B634E /* BlurMenu.m */ = {isa = PBXFileReference; fileEncoding = 4; lastKnownFileType = sourcecode.c.objc; path = BlurMenu.m; sourceTree = "<group>"; };
		8D0FC0BB1EFBC136004B634E /* BlurMenuItemCell.h */ = {isa = PBXFileReference; fileEncoding = 4; lastKnownFileType = sourcecode.c.h; path = BlurMenuItemCell.h; sourceTree = "<group>"; };
		8D0FC0BC1EFBC136004B634E /* BlurMenuItemCell.m */ = {isa = PBXFileReference; fileEncoding = 4; lastKnownFileType = sourcecode.c.objc; path = BlurMenuItemCell.m; sourceTree = "<group>"; };
		8D0FC0BF1EFBC1FD004B634E /* UIImage+ImageEffects.h */ = {isa = PBXFileReference; fileEncoding = 4; lastKnownFileType = sourcecode.c.h; path = "UIImage+ImageEffects.h"; sourceTree = "<group>"; };
		8D0FC0C01EFBC1FD004B634E /* UIImage+ImageEffects.m */ = {isa = PBXFileReference; fileEncoding = 4; lastKnownFileType = sourcecode.c.objc; path = "UIImage+ImageEffects.m"; sourceTree = "<group>"; };
		8D0FC0C21EFBCAFF004B634E /* CoreGraphics.framework */ = {isa = PBXFileReference; lastKnownFileType = wrapper.framework; name = CoreGraphics.framework; path = System/Library/Frameworks/CoreGraphics.framework; sourceTree = SDKROOT; };
		8D0FC0C81EFCAD8C004B634E /* SCRecordSessionManager.h */ = {isa = PBXFileReference; fileEncoding = 4; lastKnownFileType = sourcecode.c.h; path = SCRecordSessionManager.h; sourceTree = "<group>"; };
		8D0FC0C91EFCAD8C004B634E /* SCRecordSessionManager.m */ = {isa = PBXFileReference; fileEncoding = 4; lastKnownFileType = sourcecode.c.objc; path = SCRecordSessionManager.m; sourceTree = "<group>"; };
		8D8476561EFD100E00A18A09 /* MTSFilterDataModel.h */ = {isa = PBXFileReference; fileEncoding = 4; lastKnownFileType = sourcecode.c.h; path = MTSFilterDataModel.h; sourceTree = "<group>"; };
		8D8476571EFD100E00A18A09 /* MTSFilterDataModel.m */ = {isa = PBXFileReference; fileEncoding = 4; lastKnownFileType = sourcecode.c.objc; path = MTSFilterDataModel.m; sourceTree = "<group>"; };
		8D84765A1EFD685B00A18A09 /* Filter_Motion_Blur.cisf */ = {isa = PBXFileReference; lastKnownFileType = file.bplist; path = Filter_Motion_Blur.cisf; sourceTree = "<group>"; };
		8D84765C1EFD6ACC00A18A09 /* Filter_Sharp.cisf */ = {isa = PBXFileReference; lastKnownFileType = file.bplist; path = Filter_Sharp.cisf; sourceTree = "<group>"; };
		8D84765E1EFD6DBE00A18A09 /* Filter_Normal.cisf */ = {isa = PBXFileReference; lastKnownFileType = file.bplist; path = Filter_Normal.cisf; sourceTree = "<group>"; };
		8D8476661F010A9D00A18A09 /* .gitkeep */ = {isa = PBXFileReference; fileEncoding = 4; lastKnownFileType = text; path = .gitkeep; sourceTree = "<group>"; };
		8D8476671F010A9D00A18A09 /* alert-round.png */ = {isa = PBXFileReference; lastKnownFileType = image.png; path = "alert-round.png"; sourceTree = "<group>"; };
		8D8476681F010A9D00A18A09 /* checkmark-round.png */ = {isa = PBXFileReference; lastKnownFileType = image.png; path = "checkmark-round.png"; sourceTree = "<group>"; };
		8D8476691F010A9D00A18A09 /* close-round.png */ = {isa = PBXFileReference; lastKnownFileType = image.png; path = "close-round.png"; sourceTree = "<group>"; };
		8D84766A1F010A9D00A18A09 /* heart.png */ = {isa = PBXFileReference; lastKnownFileType = image.png; path = heart.png; sourceTree = "<group>"; };
		8D84766B1F010A9D00A18A09 /* star.png */ = {isa = PBXFileReference; lastKnownFileType = image.png; path = star.png; sourceTree = "<group>"; };
		8D84766D1F010A9D00A18A09 /* .gitkeep */ = {isa = PBXFileReference; fileEncoding = 4; lastKnownFileType = text; path = .gitkeep; sourceTree = "<group>"; };
		8D84766E1F010A9D00A18A09 /* FCAlertView.h */ = {isa = PBXFileReference; fileEncoding = 4; lastKnownFileType = sourcecode.c.h; path = FCAlertView.h; sourceTree = "<group>"; };
		8D84766F1F010A9D00A18A09 /* FCAlertView.m */ = {isa = PBXFileReference; fileEncoding = 4; lastKnownFileType = sourcecode.c.objc; path = FCAlertView.m; sourceTree = "<group>"; };
		8D8476791F02049600A18A09 /* IQLabelView.bundle */ = {isa = PBXFileReference; lastKnownFileType = "wrapper.plug-in"; path = IQLabelView.bundle; sourceTree = "<group>"; };
		8D84767A1F02049600A18A09 /* IQLabelView.h */ = {isa = PBXFileReference; fileEncoding = 4; lastKnownFileType = sourcecode.c.h; path = IQLabelView.h; sourceTree = "<group>"; };
		8D84767B1F02049600A18A09 /* IQLabelView.m */ = {isa = PBXFileReference; fileEncoding = 4; lastKnownFileType = sourcecode.c.objc; path = IQLabelView.m; sourceTree = "<group>"; };
		8D84767C1F02049600A18A09 /* UITextField+DynamicFontSize.h */ = {isa = PBXFileReference; fileEncoding = 4; lastKnownFileType = sourcecode.c.h; path = "UITextField+DynamicFontSize.h"; sourceTree = "<group>"; };
		8D84767D1F02049600A18A09 /* UITextField+DynamicFontSize.m */ = {isa = PBXFileReference; fileEncoding = 4; lastKnownFileType = sourcecode.c.objc; path = "UITextField+DynamicFontSize.m"; sourceTree = "<group>"; };
		8D8476871F023A2B00A18A09 /* MTSVideoOverlayView.h */ = {isa = PBXFileReference; fileEncoding = 4; lastKnownFileType = sourcecode.c.h; path = MTSVideoOverlayView.h; sourceTree = "<group>"; };
		8D8476881F023A2B00A18A09 /* MTSVideoOverlayView.m */ = {isa = PBXFileReference; fileEncoding = 4; lastKnownFileType = sourcecode.c.objc; path = MTSVideoOverlayView.m; sourceTree = "<group>"; };
		8D8744851EFB89A800025AE4 /* GIFMomentCamera.app */ = {isa = PBXFileReference; explicitFileType = wrapper.application; includeInIndex = 0; path = GIFMomentCamera.app; sourceTree = BUILT_PRODUCTS_DIR; };
		8D8744891EFB89A800025AE4 /* main.m */ = {isa = PBXFileReference; lastKnownFileType = sourcecode.c.objc; path = main.m; sourceTree = "<group>"; };
		8D87448B1EFB89A800025AE4 /* AppDelegate.h */ = {isa = PBXFileReference; lastKnownFileType = sourcecode.c.h; path = AppDelegate.h; sourceTree = "<group>"; };
		8D87448C1EFB89A800025AE4 /* AppDelegate.m */ = {isa = PBXFileReference; lastKnownFileType = sourcecode.c.objc; path = AppDelegate.m; sourceTree = "<group>"; };
		8D8744941EFB89A800025AE4 /* Assets.xcassets */ = {isa = PBXFileReference; lastKnownFileType = folder.assetcatalog; path = Assets.xcassets; sourceTree = "<group>"; };
		8D8744991EFB89A800025AE4 /* Info.plist */ = {isa = PBXFileReference; lastKnownFileType = text.plist.xml; path = Info.plist; sourceTree = "<group>"; };
		8D87449E1EFB89A800025AE4 /* GIFMomentCameraTests.xctest */ = {isa = PBXFileReference; explicitFileType = wrapper.cfbundle; includeInIndex = 0; path = GIFMomentCameraTests.xctest; sourceTree = BUILT_PRODUCTS_DIR; };
		8D8744A21EFB89A800025AE4 /* GIFMomentCameraTests.m */ = {isa = PBXFileReference; lastKnownFileType = sourcecode.c.objc; path = GIFMomentCameraTests.m; sourceTree = "<group>"; };
		8D8744A41EFB89A800025AE4 /* Info.plist */ = {isa = PBXFileReference; lastKnownFileType = text.plist.xml; path = Info.plist; sourceTree = "<group>"; };
		8D8744A91EFB89A800025AE4 /* GIFMomentCameraUITests.xctest */ = {isa = PBXFileReference; explicitFileType = wrapper.cfbundle; includeInIndex = 0; path = GIFMomentCameraUITests.xctest; sourceTree = BUILT_PRODUCTS_DIR; };
		8D8744AD1EFB89A800025AE4 /* GIFMomentCameraUITests.m */ = {isa = PBXFileReference; lastKnownFileType = sourcecode.c.objc; path = GIFMomentCameraUITests.m; sourceTree = "<group>"; };
		8D8744AF1EFB89A800025AE4 /* Info.plist */ = {isa = PBXFileReference; lastKnownFileType = text.plist.xml; path = Info.plist; sourceTree = "<group>"; };
		8D8744C21EFB8A4F00025AE4 /* MTSSettingViewController.h */ = {isa = PBXFileReference; fileEncoding = 4; lastKnownFileType = sourcecode.c.h; path = MTSSettingViewController.h; sourceTree = "<group>"; };
		8D8744C31EFB8A4F00025AE4 /* MTSSettingViewController.m */ = {isa = PBXFileReference; fileEncoding = 4; lastKnownFileType = sourcecode.c.objc; path = MTSSettingViewController.m; sourceTree = "<group>"; };
		8D8744C41EFB8A4F00025AE4 /* MTSSettingViewController.xib */ = {isa = PBXFileReference; fileEncoding = 4; lastKnownFileType = file.xib; path = MTSSettingViewController.xib; sourceTree = "<group>"; };
		8D8744C71EFB8A6E00025AE4 /* MTSCustomizationViewController.h */ = {isa = PBXFileReference; fileEncoding = 4; lastKnownFileType = sourcecode.c.h; path = MTSCustomizationViewController.h; sourceTree = "<group>"; };
		8D8744C81EFB8A6E00025AE4 /* MTSCustomizationViewController.m */ = {isa = PBXFileReference; fileEncoding = 4; lastKnownFileType = sourcecode.c.objc; path = MTSCustomizationViewController.m; sourceTree = "<group>"; };
		8D8744C91EFB8A6E00025AE4 /* MTSCustomizationViewController.xib */ = {isa = PBXFileReference; fileEncoding = 4; lastKnownFileType = file.xib; path = MTSCustomizationViewController.xib; sourceTree = "<group>"; };
		8D8744CD1EFB8AA600025AE4 /* NSGIF.h */ = {isa = PBXFileReference; fileEncoding = 4; lastKnownFileType = sourcecode.c.h; path = NSGIF.h; sourceTree = "<group>"; };
		8D8744CE1EFB8AA600025AE4 /* NSGIF.m */ = {isa = PBXFileReference; fileEncoding = 4; lastKnownFileType = sourcecode.c.objc; path = NSGIF.m; sourceTree = "<group>"; };
		8D8744D11EFB8ADE00025AE4 /* SDRecordButton.h */ = {isa = PBXFileReference; fileEncoding = 4; lastKnownFileType = sourcecode.c.h; path = SDRecordButton.h; sourceTree = "<group>"; };
		8D8744D21EFB8ADE00025AE4 /* SDRecordButton.m */ = {isa = PBXFileReference; fileEncoding = 4; lastKnownFileType = sourcecode.c.objc; path = SDRecordButton.m; sourceTree = "<group>"; };
		8D9E4EC21EFCDD94006D9541 /* Filter_Bump.cisf */ = {isa = PBXFileReference; lastKnownFileType = file.bplist; path = Filter_Bump.cisf; sourceTree = "<group>"; };
		8D9E4EC31EFCDD94006D9541 /* Filter_Chrome.cisf */ = {isa = PBXFileReference; lastKnownFileType = file.bplist; path = Filter_Chrome.cisf; sourceTree = "<group>"; };
		8D9E4EC41EFCDD94006D9541 /* Filter_Colorful.cisf */ = {isa = PBXFileReference; lastKnownFileType = file.bplist; path = Filter_Colorful.cisf; sourceTree = "<group>"; };
		8D9E4EC51EFCDD94006D9541 /* Filter_Comic.cisf */ = {isa = PBXFileReference; lastKnownFileType = file.bplist; path = Filter_Comic.cisf; sourceTree = "<group>"; };
		8D9E4EC61EFCDD94006D9541 /* Filter_Dark.cisf */ = {isa = PBXFileReference; lastKnownFileType = file.bplist; path = Filter_Dark.cisf; sourceTree = "<group>"; };
		8D9E4EC71EFCDD94006D9541 /* Filter_Dot.cisf */ = {isa = PBXFileReference; lastKnownFileType = file.bplist; path = Filter_Dot.cisf; sourceTree = "<group>"; };
		8D9E4EC81EFCDD94006D9541 /* Filter_Droste.cisf */ = {isa = PBXFileReference; lastKnownFileType = file.bplist; path = Filter_Droste.cisf; sourceTree = "<group>"; };
		8D9E4EC91EFCDD94006D9541 /* Filter_Exposure.cisf */ = {isa = PBXFileReference; lastKnownFileType = file.bplist; path = Filter_Exposure.cisf; sourceTree = "<group>"; };
		8D9E4ECA1EFCDD94006D9541 /* Filter_Fade.cisf */ = {isa = PBXFileReference; lastKnownFileType = file.bplist; path = Filter_Fade.cisf; sourceTree = "<group>"; };
		8D9E4ECB1EFCDD94006D9541 /* Filter_Ghost.cisf */ = {isa = PBXFileReference; lastKnownFileType = file.bplist; path = Filter_Ghost.cisf; sourceTree = "<group>"; };
		8D9E4ECC1EFCDD94006D9541 /* Filter_GlideReflectedTile.cisf */ = {isa = PBXFileReference; lastKnownFileType = file.bplist; path = Filter_GlideReflectedTile.cisf; sourceTree = "<group>"; };
		8D9E4ECD1EFCDD94006D9541 /* Filter_Gloom.cisf */ = {isa = PBXFileReference; lastKnownFileType = file.bplist; path = Filter_Gloom.cisf; sourceTree = "<group>"; };
		8D9E4ECE1EFCDD94006D9541 /* Filter_Halftone.cisf */ = {isa = PBXFileReference; lastKnownFileType = file.bplist; path = Filter_Halftone.cisf; sourceTree = "<group>"; };
		8D9E4ECF1EFCDD94006D9541 /* Filter_Hue_Green.cisf */ = {isa = PBXFileReference; lastKnownFileType = file.bplist; path = Filter_Hue_Green.cisf; sourceTree = "<group>"; };
		8D9E4ED01EFCDD94006D9541 /* Filter_Hue_Rose.cisf */ = {isa = PBXFileReference; lastKnownFileType = file.bplist; path = Filter_Hue_Rose.cisf; sourceTree = "<group>"; };
		8D9E4ED11EFCDD94006D9541 /* Filter_Instant.cisf */ = {isa = PBXFileReference; lastKnownFileType = file.bplist; path = Filter_Instant.cisf; sourceTree = "<group>"; };
		8D9E4ED21EFCDD94006D9541 /* Filter_Kaleidoscope.cisf */ = {isa = PBXFileReference; lastKnownFileType = file.bplist; path = Filter_Kaleidoscope.cisf; sourceTree = "<group>"; };
		8D9E4ED31EFCDD94006D9541 /* Filter_Lines.cisf */ = {isa = PBXFileReference; lastKnownFileType = file.bplist; path = Filter_Lines.cisf; sourceTree = "<group>"; };
		8D9E4ED41EFCDD94006D9541 /* Filter_Mono.cisf */ = {isa = PBXFileReference; lastKnownFileType = file.bplist; path = Filter_Mono.cisf; sourceTree = "<group>"; };
		8D9E4ED51EFCDD94006D9541 /* Filter_MotionBlur.cisf */ = {isa = PBXFileReference; lastKnownFileType = file.bplist; path = Filter_MotionBlur.cisf; sourceTree = "<group>"; };
		8D9E4ED61EFCDD94006D9541 /* Filter_Parallelogram.cisf */ = {isa = PBXFileReference; lastKnownFileType = file.bplist; path = Filter_Parallelogram.cisf; sourceTree = "<group>"; };
		8D9E4ED71EFCDD94006D9541 /* Filter_Pixellate.cisf */ = {isa = PBXFileReference; lastKnownFileType = file.bplist; path = Filter_Pixellate.cisf; sourceTree = "<group>"; };
		8D9E4ED81EFCDD94006D9541 /* Filter_Poster.cisf */ = {isa = PBXFileReference; lastKnownFileType = file.bplist; path = Filter_Poster.cisf; sourceTree = "<group>"; };
		8D9E4ED91EFCDD94006D9541 /* Filter_Process.cisf */ = {isa = PBXFileReference; lastKnownFileType = file.bplist; path = Filter_Process.cisf; sourceTree = "<group>"; };
		8D9E4EDA1EFCDD94006D9541 /* Filter_SepiaTone.cisf */ = {isa = PBXFileReference; lastKnownFileType = file.bplist; path = Filter_SepiaTone.cisf; sourceTree = "<group>"; };
		8D9E4EDC1EFCDD94006D9541 /* Filter_Thermal.cisf */ = {isa = PBXFileReference; lastKnownFileType = file.bplist; path = Filter_Thermal.cisf; sourceTree = "<group>"; };
		8D9E4EDD1EFCDD94006D9541 /* Filter_Vortex.cisf */ = {isa = PBXFileReference; lastKnownFileType = file.bplist; path = Filter_Vortex.cisf; sourceTree = "<group>"; };
		8D9E4EDE1EFCDD94006D9541 /* Filter_Warm.cisf */ = {isa = PBXFileReference; lastKnownFileType = file.bplist; path = Filter_Warm.cisf; sourceTree = "<group>"; };
		8D9E4EDF1EFCDD94006D9541 /* Filter_ZoomBlur.cisf */ = {isa = PBXFileReference; lastKnownFileType = file.bplist; path = Filter_ZoomBlur.cisf; sourceTree = "<group>"; };
		8D9E4F011EFCEF10006D9541 /* MTSFilterCollectionViewCell.h */ = {isa = PBXFileReference; fileEncoding = 4; lastKnownFileType = sourcecode.c.h; path = MTSFilterCollectionViewCell.h; sourceTree = "<group>"; };
		8D9E4F021EFCEF10006D9541 /* MTSFilterCollectionViewCell.m */ = {isa = PBXFileReference; fileEncoding = 4; lastKnownFileType = sourcecode.c.objc; path = MTSFilterCollectionViewCell.m; sourceTree = "<group>"; };
		8D9E4F031EFCEF10006D9541 /* MTSFilterCollectionViewCell.xib */ = {isa = PBXFileReference; fileEncoding = 4; lastKnownFileType = file.xib; path = MTSFilterCollectionViewCell.xib; sourceTree = "<group>"; };
		8D9E4F061EFD0B7A006D9541 /* filtersData.json */ = {isa = PBXFileReference; fileEncoding = 4; lastKnownFileType = text.json; path = filtersData.json; sourceTree = "<group>"; };
		8D9E4F081EFD0CC6006D9541 /* Filter_Noir.cisf */ = {isa = PBXFileReference; lastKnownFileType = file.bplist; path = Filter_Noir.cisf; sourceTree = "<group>"; };
		8D9F46AF1EFB8FAD0015A94B /* MTSMainViewController.h */ = {isa = PBXFileReference; fileEncoding = 4; lastKnownFileType = sourcecode.c.h; path = MTSMainViewController.h; sourceTree = "<group>"; };
		8D9F46B01EFB8FAD0015A94B /* MTSMainViewController.m */ = {isa = PBXFileReference; fileEncoding = 4; lastKnownFileType = sourcecode.c.objc; path = MTSMainViewController.m; sourceTree = "<group>"; };
		8D9F46B11EFB8FAD0015A94B /* MTSMainViewController.xib */ = {isa = PBXFileReference; fileEncoding = 4; lastKnownFileType = file.xib; path = MTSMainViewController.xib; sourceTree = "<group>"; };
		8D9F46B61EFB94BF0015A94B /* DGActivityIndicatorAnimation.h */ = {isa = PBXFileReference; fileEncoding = 4; lastKnownFileType = sourcecode.c.h; path = DGActivityIndicatorAnimation.h; sourceTree = "<group>"; };
		8D9F46B71EFB94BF0015A94B /* DGActivityIndicatorAnimation.m */ = {isa = PBXFileReference; fileEncoding = 4; lastKnownFileType = sourcecode.c.objc; path = DGActivityIndicatorAnimation.m; sourceTree = "<group>"; };
		8D9F46B81EFB94BF0015A94B /* DGActivityIndicatorBallBeatAnimation.h */ = {isa = PBXFileReference; fileEncoding = 4; lastKnownFileType = sourcecode.c.h; path = DGActivityIndicatorBallBeatAnimation.h; sourceTree = "<group>"; };
		8D9F46B91EFB94BF0015A94B /* DGActivityIndicatorBallBeatAnimation.m */ = {isa = PBXFileReference; fileEncoding = 4; lastKnownFileType = sourcecode.c.objc; path = DGActivityIndicatorBallBeatAnimation.m; sourceTree = "<group>"; };
		8D9F46BA1EFB94BF0015A94B /* DGActivityIndicatorBallClipRotateAnimation.h */ = {isa = PBXFileReference; fileEncoding = 4; lastKnownFileType = sourcecode.c.h; path = DGActivityIndicatorBallClipRotateAnimation.h; sourceTree = "<group>"; };
		8D9F46BB1EFB94BF0015A94B /* DGActivityIndicatorBallClipRotateAnimation.m */ = {isa = PBXFileReference; fileEncoding = 4; lastKnownFileType = sourcecode.c.objc; path = DGActivityIndicatorBallClipRotateAnimation.m; sourceTree = "<group>"; };
		8D9F46BC1EFB94BF0015A94B /* DGActivityIndicatorBallClipRotateMultipleAnimation.h */ = {isa = PBXFileReference; fileEncoding = 4; lastKnownFileType = sourcecode.c.h; path = DGActivityIndicatorBallClipRotateMultipleAnimation.h; sourceTree = "<group>"; };
		8D9F46BD1EFB94BF0015A94B /* DGActivityIndicatorBallClipRotateMultipleAnimation.m */ = {isa = PBXFileReference; fileEncoding = 4; lastKnownFileType = sourcecode.c.objc; path = DGActivityIndicatorBallClipRotateMultipleAnimation.m; sourceTree = "<group>"; };
		8D9F46BE1EFB94BF0015A94B /* DGActivityIndicatorBallClipRotatePulseAnimation.h */ = {isa = PBXFileReference; fileEncoding = 4; lastKnownFileType = sourcecode.c.h; path = DGActivityIndicatorBallClipRotatePulseAnimation.h; sourceTree = "<group>"; };
		8D9F46BF1EFB94BF0015A94B /* DGActivityIndicatorBallClipRotatePulseAnimation.m */ = {isa = PBXFileReference; fileEncoding = 4; lastKnownFileType = sourcecode.c.objc; path = DGActivityIndicatorBallClipRotatePulseAnimation.m; sourceTree = "<group>"; };
		8D9F46C01EFB94BF0015A94B /* DGActivityIndicatorBallGridBeatAnimation.h */ = {isa = PBXFileReference; fileEncoding = 4; lastKnownFileType = sourcecode.c.h; path = DGActivityIndicatorBallGridBeatAnimation.h; sourceTree = "<group>"; };
		8D9F46C11EFB94BF0015A94B /* DGActivityIndicatorBallGridBeatAnimation.m */ = {isa = PBXFileReference; fileEncoding = 4; lastKnownFileType = sourcecode.c.objc; path = DGActivityIndicatorBallGridBeatAnimation.m; sourceTree = "<group>"; };
		8D9F46C21EFB94BF0015A94B /* DGActivityIndicatorBallGridPulseAnimation.h */ = {isa = PBXFileReference; fileEncoding = 4; lastKnownFileType = sourcecode.c.h; path = DGActivityIndicatorBallGridPulseAnimation.h; sourceTree = "<group>"; };
		8D9F46C31EFB94BF0015A94B /* DGActivityIndicatorBallGridPulseAnimation.m */ = {isa = PBXFileReference; fileEncoding = 4; lastKnownFileType = sourcecode.c.objc; path = DGActivityIndicatorBallGridPulseAnimation.m; sourceTree = "<group>"; };
		8D9F46C41EFB94BF0015A94B /* DGActivityIndicatorBallPulseAnimation.h */ = {isa = PBXFileReference; fileEncoding = 4; lastKnownFileType = sourcecode.c.h; path = DGActivityIndicatorBallPulseAnimation.h; sourceTree = "<group>"; };
		8D9F46C51EFB94BF0015A94B /* DGActivityIndicatorBallPulseAnimation.m */ = {isa = PBXFileReference; fileEncoding = 4; lastKnownFileType = sourcecode.c.objc; path = DGActivityIndicatorBallPulseAnimation.m; sourceTree = "<group>"; };
		8D9F46C61EFB94BF0015A94B /* DGActivityIndicatorBallPulseSyncAnimation.h */ = {isa = PBXFileReference; fileEncoding = 4; lastKnownFileType = sourcecode.c.h; path = DGActivityIndicatorBallPulseSyncAnimation.h; sourceTree = "<group>"; };
		8D9F46C71EFB94BF0015A94B /* DGActivityIndicatorBallPulseSyncAnimation.m */ = {isa = PBXFileReference; fileEncoding = 4; lastKnownFileType = sourcecode.c.objc; path = DGActivityIndicatorBallPulseSyncAnimation.m; sourceTree = "<group>"; };
		8D9F46C81EFB94BF0015A94B /* DGActivityIndicatorBallRotateAnimation.h */ = {isa = PBXFileReference; fileEncoding = 4; lastKnownFileType = sourcecode.c.h; path = DGActivityIndicatorBallRotateAnimation.h; sourceTree = "<group>"; };
		8D9F46C91EFB94BF0015A94B /* DGActivityIndicatorBallRotateAnimation.m */ = {isa = PBXFileReference; fileEncoding = 4; lastKnownFileType = sourcecode.c.objc; path = DGActivityIndicatorBallRotateAnimation.m; sourceTree = "<group>"; };
		8D9F46CA1EFB94BF0015A94B /* DGActivityIndicatorBallScaleAnimation.h */ = {isa = PBXFileReference; fileEncoding = 4; lastKnownFileType = sourcecode.c.h; path = DGActivityIndicatorBallScaleAnimation.h; sourceTree = "<group>"; };
		8D9F46CB1EFB94BF0015A94B /* DGActivityIndicatorBallScaleAnimation.m */ = {isa = PBXFileReference; fileEncoding = 4; lastKnownFileType = sourcecode.c.objc; path = DGActivityIndicatorBallScaleAnimation.m; sourceTree = "<group>"; };
		8D9F46CC1EFB94BF0015A94B /* DGActivityIndicatorBallScaleMultipleAnimation.h */ = {isa = PBXFileReference; fileEncoding = 4; lastKnownFileType = sourcecode.c.h; path = DGActivityIndicatorBallScaleMultipleAnimation.h; sourceTree = "<group>"; };
		8D9F46CD1EFB94BF0015A94B /* DGActivityIndicatorBallScaleMultipleAnimation.m */ = {isa = PBXFileReference; fileEncoding = 4; lastKnownFileType = sourcecode.c.objc; path = DGActivityIndicatorBallScaleMultipleAnimation.m; sourceTree = "<group>"; };
		8D9F46CE1EFB94BF0015A94B /* DGActivityIndicatorBallScaleRippleAnimation.h */ = {isa = PBXFileReference; fileEncoding = 4; lastKnownFileType = sourcecode.c.h; path = DGActivityIndicatorBallScaleRippleAnimation.h; sourceTree = "<group>"; };
		8D9F46CF1EFB94BF0015A94B /* DGActivityIndicatorBallScaleRippleAnimation.m */ = {isa = PBXFileReference; fileEncoding = 4; lastKnownFileType = sourcecode.c.objc; path = DGActivityIndicatorBallScaleRippleAnimation.m; sourceTree = "<group>"; };
		8D9F46D01EFB94BF0015A94B /* DGActivityIndicatorBallScaleRippleMultipleAnimation.h */ = {isa = PBXFileReference; fileEncoding = 4; lastKnownFileType = sourcecode.c.h; path = DGActivityIndicatorBallScaleRippleMultipleAnimation.h; sourceTree = "<group>"; };
		8D9F46D11EFB94BF0015A94B /* DGActivityIndicatorBallScaleRippleMultipleAnimation.m */ = {isa = PBXFileReference; fileEncoding = 4; lastKnownFileType = sourcecode.c.objc; path = DGActivityIndicatorBallScaleRippleMultipleAnimation.m; sourceTree = "<group>"; };
		8D9F46D21EFB94BF0015A94B /* DGActivityIndicatorBallSpinFadeLoader.h */ = {isa = PBXFileReference; fileEncoding = 4; lastKnownFileType = sourcecode.c.h; path = DGActivityIndicatorBallSpinFadeLoader.h; sourceTree = "<group>"; };
		8D9F46D31EFB94BF0015A94B /* DGActivityIndicatorBallSpinFadeLoader.m */ = {isa = PBXFileReference; fileEncoding = 4; lastKnownFileType = sourcecode.c.objc; path = DGActivityIndicatorBallSpinFadeLoader.m; sourceTree = "<group>"; };
		8D9F46D41EFB94BF0015A94B /* DGActivityIndicatorBallTrianglePathAnimation.h */ = {isa = PBXFileReference; fileEncoding = 4; lastKnownFileType = sourcecode.c.h; path = DGActivityIndicatorBallTrianglePathAnimation.h; sourceTree = "<group>"; };
		8D9F46D51EFB94BF0015A94B /* DGActivityIndicatorBallTrianglePathAnimation.m */ = {isa = PBXFileReference; fileEncoding = 4; lastKnownFileType = sourcecode.c.objc; path = DGActivityIndicatorBallTrianglePathAnimation.m; sourceTree = "<group>"; };
		8D9F46D61EFB94BF0015A94B /* DGActivityIndicatorBallZigZagAnimation.h */ = {isa = PBXFileReference; fileEncoding = 4; lastKnownFileType = sourcecode.c.h; path = DGActivityIndicatorBallZigZagAnimation.h; sourceTree = "<group>"; };
		8D9F46D71EFB94BF0015A94B /* DGActivityIndicatorBallZigZagAnimation.m */ = {isa = PBXFileReference; fileEncoding = 4; lastKnownFileType = sourcecode.c.objc; path = DGActivityIndicatorBallZigZagAnimation.m; sourceTree = "<group>"; };
		8D9F46D81EFB94BF0015A94B /* DGActivityIndicatorBallZigZagDeflectAnimation.h */ = {isa = PBXFileReference; fileEncoding = 4; lastKnownFileType = sourcecode.c.h; path = DGActivityIndicatorBallZigZagDeflectAnimation.h; sourceTree = "<group>"; };
		8D9F46D91EFB94BF0015A94B /* DGActivityIndicatorBallZigZagDeflectAnimation.m */ = {isa = PBXFileReference; fileEncoding = 4; lastKnownFileType = sourcecode.c.objc; path = DGActivityIndicatorBallZigZagDeflectAnimation.m; sourceTree = "<group>"; };
		8D9F46DA1EFB94BF0015A94B /* DGActivityIndicatorCookieTerminatorAnimation.h */ = {isa = PBXFileReference; fileEncoding = 4; lastKnownFileType = sourcecode.c.h; path = DGActivityIndicatorCookieTerminatorAnimation.h; sourceTree = "<group>"; };
		8D9F46DB1EFB94BF0015A94B /* DGActivityIndicatorCookieTerminatorAnimation.m */ = {isa = PBXFileReference; fileEncoding = 4; lastKnownFileType = sourcecode.c.objc; path = DGActivityIndicatorCookieTerminatorAnimation.m; sourceTree = "<group>"; };
		8D9F46DC1EFB94BF0015A94B /* DGActivityIndicatorDoubleBounceAnimation.h */ = {isa = PBXFileReference; fileEncoding = 4; lastKnownFileType = sourcecode.c.h; path = DGActivityIndicatorDoubleBounceAnimation.h; sourceTree = "<group>"; };
		8D9F46DD1EFB94BF0015A94B /* DGActivityIndicatorDoubleBounceAnimation.m */ = {isa = PBXFileReference; fileEncoding = 4; lastKnownFileType = sourcecode.c.objc; path = DGActivityIndicatorDoubleBounceAnimation.m; sourceTree = "<group>"; };
		8D9F46DE1EFB94BF0015A94B /* DGActivityIndicatorFiveDotsAnimation.h */ = {isa = PBXFileReference; fileEncoding = 4; lastKnownFileType = sourcecode.c.h; path = DGActivityIndicatorFiveDotsAnimation.h; sourceTree = "<group>"; };
		8D9F46DF1EFB94BF0015A94B /* DGActivityIndicatorFiveDotsAnimation.m */ = {isa = PBXFileReference; fileEncoding = 4; lastKnownFileType = sourcecode.c.objc; path = DGActivityIndicatorFiveDotsAnimation.m; sourceTree = "<group>"; };
		8D9F46E01EFB94BF0015A94B /* DGActivityIndicatorLineScaleAnimation.h */ = {isa = PBXFileReference; fileEncoding = 4; lastKnownFileType = sourcecode.c.h; path = DGActivityIndicatorLineScaleAnimation.h; sourceTree = "<group>"; };
		8D9F46E11EFB94BF0015A94B /* DGActivityIndicatorLineScaleAnimation.m */ = {isa = PBXFileReference; fileEncoding = 4; lastKnownFileType = sourcecode.c.objc; path = DGActivityIndicatorLineScaleAnimation.m; sourceTree = "<group>"; };
		8D9F46E21EFB94BF0015A94B /* DGActivityIndicatorLineScalePartyAnimation.h */ = {isa = PBXFileReference; fileEncoding = 4; lastKnownFileType = sourcecode.c.h; path = DGActivityIndicatorLineScalePartyAnimation.h; sourceTree = "<group>"; };
		8D9F46E31EFB94BF0015A94B /* DGActivityIndicatorLineScalePartyAnimation.m */ = {isa = PBXFileReference; fileEncoding = 4; lastKnownFileType = sourcecode.c.objc; path = DGActivityIndicatorLineScalePartyAnimation.m; sourceTree = "<group>"; };
		8D9F46E41EFB94BF0015A94B /* DGActivityIndicatorLineScalePulseOutAnimation.h */ = {isa = PBXFileReference; fileEncoding = 4; lastKnownFileType = sourcecode.c.h; path = DGActivityIndicatorLineScalePulseOutAnimation.h; sourceTree = "<group>"; };
		8D9F46E51EFB94BF0015A94B /* DGActivityIndicatorLineScalePulseOutAnimation.m */ = {isa = PBXFileReference; fileEncoding = 4; lastKnownFileType = sourcecode.c.objc; path = DGActivityIndicatorLineScalePulseOutAnimation.m; sourceTree = "<group>"; };
		8D9F46E61EFB94BF0015A94B /* DGActivityIndicatorLineScalePulseOutRapidAnimation.h */ = {isa = PBXFileReference; fileEncoding = 4; lastKnownFileType = sourcecode.c.h; path = DGActivityIndicatorLineScalePulseOutRapidAnimation.h; sourceTree = "<group>"; };
		8D9F46E71EFB94BF0015A94B /* DGActivityIndicatorLineScalePulseOutRapidAnimation.m */ = {isa = PBXFileReference; fileEncoding = 4; lastKnownFileType = sourcecode.c.objc; path = DGActivityIndicatorLineScalePulseOutRapidAnimation.m; sourceTree = "<group>"; };
		8D9F46E81EFB94BF0015A94B /* DGActivityIndicatorNineDotsAnimation.h */ = {isa = PBXFileReference; fileEncoding = 4; lastKnownFileType = sourcecode.c.h; path = DGActivityIndicatorNineDotsAnimation.h; sourceTree = "<group>"; };
		8D9F46E91EFB94BF0015A94B /* DGActivityIndicatorNineDotsAnimation.m */ = {isa = PBXFileReference; fileEncoding = 4; lastKnownFileType = sourcecode.c.objc; path = DGActivityIndicatorNineDotsAnimation.m; sourceTree = "<group>"; };
		8D9F46EA1EFB94BF0015A94B /* DGActivityIndicatorRotatingSandglassAnimation.h */ = {isa = PBXFileReference; fileEncoding = 4; lastKnownFileType = sourcecode.c.h; path = DGActivityIndicatorRotatingSandglassAnimation.h; sourceTree = "<group>"; };
		8D9F46EB1EFB94BF0015A94B /* DGActivityIndicatorRotatingSandglassAnimation.m */ = {isa = PBXFileReference; fileEncoding = 4; lastKnownFileType = sourcecode.c.objc; path = DGActivityIndicatorRotatingSandglassAnimation.m; sourceTree = "<group>"; };
		8D9F46EC1EFB94BF0015A94B /* DGActivityIndicatorRotatingSquaresAnimation.h */ = {isa = PBXFileReference; fileEncoding = 4; lastKnownFileType = sourcecode.c.h; path = DGActivityIndicatorRotatingSquaresAnimation.h; sourceTree = "<group>"; };
		8D9F46ED1EFB94BF0015A94B /* DGActivityIndicatorRotatingSquaresAnimation.m */ = {isa = PBXFileReference; fileEncoding = 4; lastKnownFileType = sourcecode.c.objc; path = DGActivityIndicatorRotatingSquaresAnimation.m; sourceTree = "<group>"; };
		8D9F46EE1EFB94BF0015A94B /* DGActivityIndicatorRotatingTrigonAnimation.h */ = {isa = PBXFileReference; fileEncoding = 4; lastKnownFileType = sourcecode.c.h; path = DGActivityIndicatorRotatingTrigonAnimation.h; sourceTree = "<group>"; };
		8D9F46EF1EFB94BF0015A94B /* DGActivityIndicatorRotatingTrigonAnimation.m */ = {isa = PBXFileReference; fileEncoding = 4; lastKnownFileType = sourcecode.c.objc; path = DGActivityIndicatorRotatingTrigonAnimation.m; sourceTree = "<group>"; };
		8D9F46F01EFB94BF0015A94B /* DGActivityIndicatorThreeDotsAnimation.h */ = {isa = PBXFileReference; fileEncoding = 4; lastKnownFileType = sourcecode.c.h; path = DGActivityIndicatorThreeDotsAnimation.h; sourceTree = "<group>"; };
		8D9F46F11EFB94BF0015A94B /* DGActivityIndicatorThreeDotsAnimation.m */ = {isa = PBXFileReference; fileEncoding = 4; lastKnownFileType = sourcecode.c.objc; path = DGActivityIndicatorThreeDotsAnimation.m; sourceTree = "<group>"; };
		8D9F46F21EFB94BF0015A94B /* DGActivityIndicatorTriangleSkewSpinAnimation.h */ = {isa = PBXFileReference; fileEncoding = 4; lastKnownFileType = sourcecode.c.h; path = DGActivityIndicatorTriangleSkewSpinAnimation.h; sourceTree = "<group>"; };
		8D9F46F31EFB94BF0015A94B /* DGActivityIndicatorTriangleSkewSpinAnimation.m */ = {isa = PBXFileReference; fileEncoding = 4; lastKnownFileType = sourcecode.c.objc; path = DGActivityIndicatorTriangleSkewSpinAnimation.m; sourceTree = "<group>"; };
		8D9F46F41EFB94BF0015A94B /* DGActivityIndicatorTriplePulseAnimation.h */ = {isa = PBXFileReference; fileEncoding = 4; lastKnownFileType = sourcecode.c.h; path = DGActivityIndicatorTriplePulseAnimation.h; sourceTree = "<group>"; };
		8D9F46F51EFB94BF0015A94B /* DGActivityIndicatorTriplePulseAnimation.m */ = {isa = PBXFileReference; fileEncoding = 4; lastKnownFileType = sourcecode.c.objc; path = DGActivityIndicatorTriplePulseAnimation.m; sourceTree = "<group>"; };
		8D9F46F61EFB94BF0015A94B /* DGActivityIndicatorTripleRingsAnimation.h */ = {isa = PBXFileReference; fileEncoding = 4; lastKnownFileType = sourcecode.c.h; path = DGActivityIndicatorTripleRingsAnimation.h; sourceTree = "<group>"; };
		8D9F46F71EFB94BF0015A94B /* DGActivityIndicatorTripleRingsAnimation.m */ = {isa = PBXFileReference; fileEncoding = 4; lastKnownFileType = sourcecode.c.objc; path = DGActivityIndicatorTripleRingsAnimation.m; sourceTree = "<group>"; };
		8D9F46F81EFB94BF0015A94B /* DGActivityIndicatorTwoDotsAnimation.h */ = {isa = PBXFileReference; fileEncoding = 4; lastKnownFileType = sourcecode.c.h; path = DGActivityIndicatorTwoDotsAnimation.h; sourceTree = "<group>"; };
		8D9F46F91EFB94BF0015A94B /* DGActivityIndicatorTwoDotsAnimation.m */ = {isa = PBXFileReference; fileEncoding = 4; lastKnownFileType = sourcecode.c.objc; path = DGActivityIndicatorTwoDotsAnimation.m; sourceTree = "<group>"; };
		8D9F46FA1EFB94BF0015A94B /* DGActivityIndicatorAnimationProtocol.h */ = {isa = PBXFileReference; fileEncoding = 4; lastKnownFileType = sourcecode.c.h; path = DGActivityIndicatorAnimationProtocol.h; sourceTree = "<group>"; };
		8D9F46FB1EFB94BF0015A94B /* DGActivityIndicatorView.h */ = {isa = PBXFileReference; fileEncoding = 4; lastKnownFileType = sourcecode.c.h; path = DGActivityIndicatorView.h; sourceTree = "<group>"; };
		8D9F46FC1EFB94BF0015A94B /* DGActivityIndicatorView.m */ = {isa = PBXFileReference; fileEncoding = 4; lastKnownFileType = sourcecode.c.objc; path = DGActivityIndicatorView.m; sourceTree = "<group>"; };
		91554483649C4C1770C410A1 /* Pods-GIFMomentCameraTests.debug.xcconfig */ = {isa = PBXFileReference; includeInIndex = 1; lastKnownFileType = text.xcconfig; name = "Pods-GIFMomentCameraTests.debug.xcconfig"; path = "Pods/Target Support Files/Pods-GIFMomentCameraTests/Pods-GIFMomentCameraTests.debug.xcconfig"; sourceTree = "<group>"; };
		CB0BD390F33AACEF6A1AB9A9 /* libPods-GIFMomentCameraUITests.a */ = {isa = PBXFileReference; explicitFileType = archive.ar; includeInIndex = 0; path = "libPods-GIFMomentCameraUITests.a"; sourceTree = BUILT_PRODUCTS_DIR; };
		FF61EB7F1D68259143ACC6B4 /* Pods-GIFMomentCamera.release.xcconfig */ = {isa = PBXFileReference; includeInIndex = 1; lastKnownFileType = text.xcconfig; name = "Pods-GIFMomentCamera.release.xcconfig"; path = "Pods/Target Support Files/Pods-GIFMomentCamera/Pods-GIFMomentCamera.release.xcconfig"; sourceTree = "<group>"; };
/* End PBXFileReference section */

/* Begin PBXFrameworksBuildPhase section */
		8D8744821EFB89A800025AE4 /* Frameworks */ = {
			isa = PBXFrameworksBuildPhase;
			buildActionMask = 2147483647;
			files = (
				8D0FC0C31EFBCAFF004B634E /* CoreGraphics.framework in Frameworks */,
				F2865D39F0953A1A0F5F2530 /* libPods-GIFMomentCamera.a in Frameworks */,
			);
			runOnlyForDeploymentPostprocessing = 0;
		};
		8D87449B1EFB89A800025AE4 /* Frameworks */ = {
			isa = PBXFrameworksBuildPhase;
			buildActionMask = 2147483647;
			files = (
				97038E85D56DF69E5C4E4B27 /* libPods-GIFMomentCameraTests.a in Frameworks */,
			);
			runOnlyForDeploymentPostprocessing = 0;
		};
		8D8744A61EFB89A800025AE4 /* Frameworks */ = {
			isa = PBXFrameworksBuildPhase;
			buildActionMask = 2147483647;
			files = (
				425129A1FA35F8A1BFD9490D /* libPods-GIFMomentCameraUITests.a in Frameworks */,
			);
			runOnlyForDeploymentPostprocessing = 0;
		};
/* End PBXFrameworksBuildPhase section */

/* Begin PBXGroup section */
		8D0FC0B81EFBC10F004B634E /* BlurMenu */ = {
			isa = PBXGroup;
			children = (
				8D0FC0BF1EFBC1FD004B634E /* UIImage+ImageEffects.h */,
				8D0FC0C01EFBC1FD004B634E /* UIImage+ImageEffects.m */,
				8D0FC0B91EFBC136004B634E /* BlurMenu.h */,
				8D0FC0BA1EFBC136004B634E /* BlurMenu.m */,
				8D0FC0BB1EFBC136004B634E /* BlurMenuItemCell.h */,
				8D0FC0BC1EFBC136004B634E /* BlurMenuItemCell.m */,
			);
			path = BlurMenu;
			sourceTree = "<group>";
		};
		8D0FC0C71EFCAD6C004B634E /* Util */ = {
			isa = PBXGroup;
			children = (
				8D0FC0C81EFCAD8C004B634E /* SCRecordSessionManager.h */,
				8D0FC0C91EFCAD8C004B634E /* SCRecordSessionManager.m */,
			);
			name = Util;
			path = Main;
			sourceTree = "<group>";
		};
		8D8476551EFD0FED00A18A09 /* Model */ = {
			isa = PBXGroup;
			children = (
				8D8476561EFD100E00A18A09 /* MTSFilterDataModel.h */,
				8D8476571EFD100E00A18A09 /* MTSFilterDataModel.m */,
			);
			name = Model;
			sourceTree = "<group>";
		};
		8D8476641F010A9D00A18A09 /* FCAlertView */ = {
			isa = PBXGroup;
			children = (
				8D8476651F010A9D00A18A09 /* Assets */,
				8D84766C1F010A9D00A18A09 /* Classes */,
			);
			path = FCAlertView;
			sourceTree = "<group>";
		};
		8D8476651F010A9D00A18A09 /* Assets */ = {
			isa = PBXGroup;
			children = (
				8D8476661F010A9D00A18A09 /* .gitkeep */,
				8D8476671F010A9D00A18A09 /* alert-round.png */,
				8D8476681F010A9D00A18A09 /* checkmark-round.png */,
				8D8476691F010A9D00A18A09 /* close-round.png */,
				8D84766A1F010A9D00A18A09 /* heart.png */,
				8D84766B1F010A9D00A18A09 /* star.png */,
			);
			path = Assets;
			sourceTree = "<group>";
		};
		8D84766C1F010A9D00A18A09 /* Classes */ = {
			isa = PBXGroup;
			children = (
				8D84766D1F010A9D00A18A09 /* .gitkeep */,
				8D84766E1F010A9D00A18A09 /* FCAlertView.h */,
				8D84766F1F010A9D00A18A09 /* FCAlertView.m */,
			);
			path = Classes;
			sourceTree = "<group>";
		};
		8D8476781F02049600A18A09 /* IQLabelView */ = {
			isa = PBXGroup;
			children = (
				8D8476791F02049600A18A09 /* IQLabelView.bundle */,
				8D84767A1F02049600A18A09 /* IQLabelView.h */,
				8D84767B1F02049600A18A09 /* IQLabelView.m */,
				8D84767C1F02049600A18A09 /* UITextField+DynamicFontSize.h */,
				8D84767D1F02049600A18A09 /* UITextField+DynamicFontSize.m */,
			);
			path = IQLabelView;
			sourceTree = "<group>";
		};
		8D87447C1EFB89A800025AE4 = {
			isa = PBXGroup;
			children = (
				8D8744871EFB89A800025AE4 /* GIFMomentCamera */,
				8D8744A11EFB89A800025AE4 /* GIFMomentCameraTests */,
				8D8744AC1EFB89A800025AE4 /* GIFMomentCameraUITests */,
				8D8744861EFB89A800025AE4 /* Products */,
				D03B08A6DB2D3A1D88AF48D9 /* Pods */,
				F063D98B36600979485BAEC1 /* Frameworks */,
			);
			sourceTree = "<group>";
		};
		8D8744861EFB89A800025AE4 /* Products */ = {
			isa = PBXGroup;
			children = (
				8D8744851EFB89A800025AE4 /* GIFMomentCamera.app */,
				8D87449E1EFB89A800025AE4 /* GIFMomentCameraTests.xctest */,
				8D8744A91EFB89A800025AE4 /* GIFMomentCameraUITests.xctest */,
			);
			name = Products;
			sourceTree = "<group>";
		};
		8D8744871EFB89A800025AE4 /* GIFMomentCamera */ = {
			isa = PBXGroup;
			children = (
				8D87448B1EFB89A800025AE4 /* AppDelegate.h */,
				8D87448C1EFB89A800025AE4 /* AppDelegate.m */,
				8D0FC0AF1EFB9F18004B634E /* Common.h */,
				8D8744BC1EFB8A0300025AE4 /* Main */,
				8D0FC0C71EFCAD6C004B634E /* Util */,
				8D8744BB1EFB89EB00025AE4 /* Vendor */,
				8D8744941EFB89A800025AE4 /* Assets.xcassets */,
				8D8744991EFB89A800025AE4 /* Info.plist */,
				8D8744881EFB89A800025AE4 /* Supporting Files */,
			);
			path = GIFMomentCamera;
			sourceTree = "<group>";
		};
		8D8744881EFB89A800025AE4 /* Supporting Files */ = {
			isa = PBXGroup;
			children = (
				72DAEA921EFD71D700D17F34 /* Phosphate.ttc */,
				8D9E4F061EFD0B7A006D9541 /* filtersData.json */,
				8D9E4EC01EFCDD94006D9541 /* Filters */,
				8D8744891EFB89A800025AE4 /* main.m */,
			);
			name = "Supporting Files";
			sourceTree = "<group>";
		};
		8D8744A11EFB89A800025AE4 /* GIFMomentCameraTests */ = {
			isa = PBXGroup;
			children = (
				8D8744A21EFB89A800025AE4 /* GIFMomentCameraTests.m */,
				8D8744A41EFB89A800025AE4 /* Info.plist */,
			);
			path = GIFMomentCameraTests;
			sourceTree = "<group>";
		};
		8D8744AC1EFB89A800025AE4 /* GIFMomentCameraUITests */ = {
			isa = PBXGroup;
			children = (
				8D8744AD1EFB89A800025AE4 /* GIFMomentCameraUITests.m */,
				8D8744AF1EFB89A800025AE4 /* Info.plist */,
			);
			path = GIFMomentCameraUITests;
			sourceTree = "<group>";
		};
		8D8744BB1EFB89EB00025AE4 /* Vendor */ = {
			isa = PBXGroup;
			children = (
				8D8476781F02049600A18A09 /* IQLabelView */,
				8D8476641F010A9D00A18A09 /* FCAlertView */,
				8D0FC0B81EFBC10F004B634E /* BlurMenu */,
				8D9F46B41EFB94BF0015A94B /* DGActivityIndicatorView */,
				8D8744D01EFB8ADE00025AE4 /* SDRecordButton */,
				8D8744CC1EFB8AA600025AE4 /* NSGIF */,
			);
			path = Vendor;
			sourceTree = "<group>";
		};
		8D8744BC1EFB8A0300025AE4 /* Main */ = {
			isa = PBXGroup;
			children = (
				8D8476551EFD0FED00A18A09 /* Model */,
				8D9E4EFF1EFCEEBF006D9541 /* Views */,
				8D9E4F001EFCEED2006D9541 /* Contollers */,
			);
			path = Main;
			sourceTree = "<group>";
		};
		8D8744CC1EFB8AA600025AE4 /* NSGIF */ = {
			isa = PBXGroup;
			children = (
				8D8744CD1EFB8AA600025AE4 /* NSGIF.h */,
				8D8744CE1EFB8AA600025AE4 /* NSGIF.m */,
			);
			path = NSGIF;
			sourceTree = "<group>";
		};
		8D8744D01EFB8ADE00025AE4 /* SDRecordButton */ = {
			isa = PBXGroup;
			children = (
				8D8744D11EFB8ADE00025AE4 /* SDRecordButton.h */,
				8D8744D21EFB8ADE00025AE4 /* SDRecordButton.m */,
			);
			path = SDRecordButton;
			sourceTree = "<group>";
		};
		8D9E4EC01EFCDD94006D9541 /* Filters */ = {
			isa = PBXGroup;
			children = (
				8D84765E1EFD6DBE00A18A09 /* Filter_Normal.cisf */,
				8D9E4F081EFD0CC6006D9541 /* Filter_Noir.cisf */,
				8D9E4EC21EFCDD94006D9541 /* Filter_Bump.cisf */,
				8D9E4EC31EFCDD94006D9541 /* Filter_Chrome.cisf */,
				8D9E4EC41EFCDD94006D9541 /* Filter_Colorful.cisf */,
				8D9E4EC51EFCDD94006D9541 /* Filter_Comic.cisf */,
				8D9E4EC61EFCDD94006D9541 /* Filter_Dark.cisf */,
				8D84765C1EFD6ACC00A18A09 /* Filter_Sharp.cisf */,
				8D9E4EC71EFCDD94006D9541 /* Filter_Dot.cisf */,
				8D9E4EC81EFCDD94006D9541 /* Filter_Droste.cisf */,
				8D9E4EC91EFCDD94006D9541 /* Filter_Exposure.cisf */,
				8D9E4ECA1EFCDD94006D9541 /* Filter_Fade.cisf */,
				8D9E4ECB1EFCDD94006D9541 /* Filter_Ghost.cisf */,
				8D9E4ECC1EFCDD94006D9541 /* Filter_GlideReflectedTile.cisf */,
				8D9E4ECD1EFCDD94006D9541 /* Filter_Gloom.cisf */,
				8D9E4ECE1EFCDD94006D9541 /* Filter_Halftone.cisf */,
				8D9E4ECF1EFCDD94006D9541 /* Filter_Hue_Green.cisf */,
				8D9E4ED01EFCDD94006D9541 /* Filter_Hue_Rose.cisf */,
				8D9E4ED11EFCDD94006D9541 /* Filter_Instant.cisf */,
				8D9E4ED21EFCDD94006D9541 /* Filter_Kaleidoscope.cisf */,
				8D9E4ED31EFCDD94006D9541 /* Filter_Lines.cisf */,
				8D9E4ED41EFCDD94006D9541 /* Filter_Mono.cisf */,
				8D9E4ED51EFCDD94006D9541 /* Filter_MotionBlur.cisf */,
				8D9E4ED61EFCDD94006D9541 /* Filter_Parallelogram.cisf */,
				8D9E4ED71EFCDD94006D9541 /* Filter_Pixellate.cisf */,
				8D9E4ED81EFCDD94006D9541 /* Filter_Poster.cisf */,
				8D9E4ED91EFCDD94006D9541 /* Filter_Process.cisf */,
				8D9E4EDA1EFCDD94006D9541 /* Filter_SepiaTone.cisf */,
				8D84765A1EFD685B00A18A09 /* Filter_Motion_Blur.cisf */,
				8D9E4EDC1EFCDD94006D9541 /* Filter_Thermal.cisf */,
				8D9E4EDD1EFCDD94006D9541 /* Filter_Vortex.cisf */,
				8D9E4EDE1EFCDD94006D9541 /* Filter_Warm.cisf */,
				8D9E4EDF1EFCDD94006D9541 /* Filter_ZoomBlur.cisf */,
			);
			path = Filters;
			sourceTree = "<group>";
		};
		8D9E4EFF1EFCEEBF006D9541 /* Views */ = {
			isa = PBXGroup;
			children = (
				8D9E4F011EFCEF10006D9541 /* MTSFilterCollectionViewCell.h */,
				8D9E4F021EFCEF10006D9541 /* MTSFilterCollectionViewCell.m */,
				8D9E4F031EFCEF10006D9541 /* MTSFilterCollectionViewCell.xib */,
				8D8476871F023A2B00A18A09 /* MTSVideoOverlayView.h */,
				8D8476881F023A2B00A18A09 /* MTSVideoOverlayView.m */,
			);
			name = Views;
			sourceTree = "<group>";
		};
		8D9E4F001EFCEED2006D9541 /* Contollers */ = {
			isa = PBXGroup;
			children = (
				8D9F46AF1EFB8FAD0015A94B /* MTSMainViewController.h */,
				8D9F46B01EFB8FAD0015A94B /* MTSMainViewController.m */,
				8D9F46B11EFB8FAD0015A94B /* MTSMainViewController.xib */,
				8D8744C21EFB8A4F00025AE4 /* MTSSettingViewController.h */,
				8D8744C31EFB8A4F00025AE4 /* MTSSettingViewController.m */,
				8D8744C41EFB8A4F00025AE4 /* MTSSettingViewController.xib */,
				8D8744C71EFB8A6E00025AE4 /* MTSCustomizationViewController.h */,
				8D8744C81EFB8A6E00025AE4 /* MTSCustomizationViewController.m */,
				8D8744C91EFB8A6E00025AE4 /* MTSCustomizationViewController.xib */,
			);
			name = Contollers;
			sourceTree = "<group>";
		};
		8D9F46B41EFB94BF0015A94B /* DGActivityIndicatorView */ = {
			isa = PBXGroup;
			children = (
				8D9F46B51EFB94BF0015A94B /* Animations */,
				8D9F46FA1EFB94BF0015A94B /* DGActivityIndicatorAnimationProtocol.h */,
				8D9F46FB1EFB94BF0015A94B /* DGActivityIndicatorView.h */,
				8D9F46FC1EFB94BF0015A94B /* DGActivityIndicatorView.m */,
			);
			path = DGActivityIndicatorView;
			sourceTree = "<group>";
		};
		8D9F46B51EFB94BF0015A94B /* Animations */ = {
			isa = PBXGroup;
			children = (
				8D9F46B61EFB94BF0015A94B /* DGActivityIndicatorAnimation.h */,
				8D9F46B71EFB94BF0015A94B /* DGActivityIndicatorAnimation.m */,
				8D9F46B81EFB94BF0015A94B /* DGActivityIndicatorBallBeatAnimation.h */,
				8D9F46B91EFB94BF0015A94B /* DGActivityIndicatorBallBeatAnimation.m */,
				8D9F46BA1EFB94BF0015A94B /* DGActivityIndicatorBallClipRotateAnimation.h */,
				8D9F46BB1EFB94BF0015A94B /* DGActivityIndicatorBallClipRotateAnimation.m */,
				8D9F46BC1EFB94BF0015A94B /* DGActivityIndicatorBallClipRotateMultipleAnimation.h */,
				8D9F46BD1EFB94BF0015A94B /* DGActivityIndicatorBallClipRotateMultipleAnimation.m */,
				8D9F46BE1EFB94BF0015A94B /* DGActivityIndicatorBallClipRotatePulseAnimation.h */,
				8D9F46BF1EFB94BF0015A94B /* DGActivityIndicatorBallClipRotatePulseAnimation.m */,
				8D9F46C01EFB94BF0015A94B /* DGActivityIndicatorBallGridBeatAnimation.h */,
				8D9F46C11EFB94BF0015A94B /* DGActivityIndicatorBallGridBeatAnimation.m */,
				8D9F46C21EFB94BF0015A94B /* DGActivityIndicatorBallGridPulseAnimation.h */,
				8D9F46C31EFB94BF0015A94B /* DGActivityIndicatorBallGridPulseAnimation.m */,
				8D9F46C41EFB94BF0015A94B /* DGActivityIndicatorBallPulseAnimation.h */,
				8D9F46C51EFB94BF0015A94B /* DGActivityIndicatorBallPulseAnimation.m */,
				8D9F46C61EFB94BF0015A94B /* DGActivityIndicatorBallPulseSyncAnimation.h */,
				8D9F46C71EFB94BF0015A94B /* DGActivityIndicatorBallPulseSyncAnimation.m */,
				8D9F46C81EFB94BF0015A94B /* DGActivityIndicatorBallRotateAnimation.h */,
				8D9F46C91EFB94BF0015A94B /* DGActivityIndicatorBallRotateAnimation.m */,
				8D9F46CA1EFB94BF0015A94B /* DGActivityIndicatorBallScaleAnimation.h */,
				8D9F46CB1EFB94BF0015A94B /* DGActivityIndicatorBallScaleAnimation.m */,
				8D9F46CC1EFB94BF0015A94B /* DGActivityIndicatorBallScaleMultipleAnimation.h */,
				8D9F46CD1EFB94BF0015A94B /* DGActivityIndicatorBallScaleMultipleAnimation.m */,
				8D9F46CE1EFB94BF0015A94B /* DGActivityIndicatorBallScaleRippleAnimation.h */,
				8D9F46CF1EFB94BF0015A94B /* DGActivityIndicatorBallScaleRippleAnimation.m */,
				8D9F46D01EFB94BF0015A94B /* DGActivityIndicatorBallScaleRippleMultipleAnimation.h */,
				8D9F46D11EFB94BF0015A94B /* DGActivityIndicatorBallScaleRippleMultipleAnimation.m */,
				8D9F46D21EFB94BF0015A94B /* DGActivityIndicatorBallSpinFadeLoader.h */,
				8D9F46D31EFB94BF0015A94B /* DGActivityIndicatorBallSpinFadeLoader.m */,
				8D9F46D41EFB94BF0015A94B /* DGActivityIndicatorBallTrianglePathAnimation.h */,
				8D9F46D51EFB94BF0015A94B /* DGActivityIndicatorBallTrianglePathAnimation.m */,
				8D9F46D61EFB94BF0015A94B /* DGActivityIndicatorBallZigZagAnimation.h */,
				8D9F46D71EFB94BF0015A94B /* DGActivityIndicatorBallZigZagAnimation.m */,
				8D9F46D81EFB94BF0015A94B /* DGActivityIndicatorBallZigZagDeflectAnimation.h */,
				8D9F46D91EFB94BF0015A94B /* DGActivityIndicatorBallZigZagDeflectAnimation.m */,
				8D9F46DA1EFB94BF0015A94B /* DGActivityIndicatorCookieTerminatorAnimation.h */,
				8D9F46DB1EFB94BF0015A94B /* DGActivityIndicatorCookieTerminatorAnimation.m */,
				8D9F46DC1EFB94BF0015A94B /* DGActivityIndicatorDoubleBounceAnimation.h */,
				8D9F46DD1EFB94BF0015A94B /* DGActivityIndicatorDoubleBounceAnimation.m */,
				8D9F46DE1EFB94BF0015A94B /* DGActivityIndicatorFiveDotsAnimation.h */,
				8D9F46DF1EFB94BF0015A94B /* DGActivityIndicatorFiveDotsAnimation.m */,
				8D9F46E01EFB94BF0015A94B /* DGActivityIndicatorLineScaleAnimation.h */,
				8D9F46E11EFB94BF0015A94B /* DGActivityIndicatorLineScaleAnimation.m */,
				8D9F46E21EFB94BF0015A94B /* DGActivityIndicatorLineScalePartyAnimation.h */,
				8D9F46E31EFB94BF0015A94B /* DGActivityIndicatorLineScalePartyAnimation.m */,
				8D9F46E41EFB94BF0015A94B /* DGActivityIndicatorLineScalePulseOutAnimation.h */,
				8D9F46E51EFB94BF0015A94B /* DGActivityIndicatorLineScalePulseOutAnimation.m */,
				8D9F46E61EFB94BF0015A94B /* DGActivityIndicatorLineScalePulseOutRapidAnimation.h */,
				8D9F46E71EFB94BF0015A94B /* DGActivityIndicatorLineScalePulseOutRapidAnimation.m */,
				8D9F46E81EFB94BF0015A94B /* DGActivityIndicatorNineDotsAnimation.h */,
				8D9F46E91EFB94BF0015A94B /* DGActivityIndicatorNineDotsAnimation.m */,
				8D9F46EA1EFB94BF0015A94B /* DGActivityIndicatorRotatingSandglassAnimation.h */,
				8D9F46EB1EFB94BF0015A94B /* DGActivityIndicatorRotatingSandglassAnimation.m */,
				8D9F46EC1EFB94BF0015A94B /* DGActivityIndicatorRotatingSquaresAnimation.h */,
				8D9F46ED1EFB94BF0015A94B /* DGActivityIndicatorRotatingSquaresAnimation.m */,
				8D9F46EE1EFB94BF0015A94B /* DGActivityIndicatorRotatingTrigonAnimation.h */,
				8D9F46EF1EFB94BF0015A94B /* DGActivityIndicatorRotatingTrigonAnimation.m */,
				8D9F46F01EFB94BF0015A94B /* DGActivityIndicatorThreeDotsAnimation.h */,
				8D9F46F11EFB94BF0015A94B /* DGActivityIndicatorThreeDotsAnimation.m */,
				8D9F46F21EFB94BF0015A94B /* DGActivityIndicatorTriangleSkewSpinAnimation.h */,
				8D9F46F31EFB94BF0015A94B /* DGActivityIndicatorTriangleSkewSpinAnimation.m */,
				8D9F46F41EFB94BF0015A94B /* DGActivityIndicatorTriplePulseAnimation.h */,
				8D9F46F51EFB94BF0015A94B /* DGActivityIndicatorTriplePulseAnimation.m */,
				8D9F46F61EFB94BF0015A94B /* DGActivityIndicatorTripleRingsAnimation.h */,
				8D9F46F71EFB94BF0015A94B /* DGActivityIndicatorTripleRingsAnimation.m */,
				8D9F46F81EFB94BF0015A94B /* DGActivityIndicatorTwoDotsAnimation.h */,
				8D9F46F91EFB94BF0015A94B /* DGActivityIndicatorTwoDotsAnimation.m */,
			);
			path = Animations;
			sourceTree = "<group>";
		};
		D03B08A6DB2D3A1D88AF48D9 /* Pods */ = {
			isa = PBXGroup;
			children = (
				00AD29F848EE6426AA8093A7 /* Pods-GIFMomentCamera.debug.xcconfig */,
				FF61EB7F1D68259143ACC6B4 /* Pods-GIFMomentCamera.release.xcconfig */,
				91554483649C4C1770C410A1 /* Pods-GIFMomentCameraTests.debug.xcconfig */,
				6D0830479FE1A317D0126F0F /* Pods-GIFMomentCameraTests.release.xcconfig */,
				5BDDCBA160E1D8E82FF75B55 /* Pods-GIFMomentCameraUITests.debug.xcconfig */,
				21337B17F96AE616D4F9A554 /* Pods-GIFMomentCameraUITests.release.xcconfig */,
			);
			name = Pods;
			sourceTree = "<group>";
		};
		F063D98B36600979485BAEC1 /* Frameworks */ = {
			isa = PBXGroup;
			children = (
				8D0FC0C21EFBCAFF004B634E /* CoreGraphics.framework */,
				82606728FD787B359AC59042 /* libPods-GIFMomentCamera.a */,
				4F4FD8A7DBECECDAA346E8B4 /* libPods-GIFMomentCameraTests.a */,
				CB0BD390F33AACEF6A1AB9A9 /* libPods-GIFMomentCameraUITests.a */,
			);
			name = Frameworks;
			sourceTree = "<group>";
		};
/* End PBXGroup section */

/* Begin PBXNativeTarget section */
		8D8744841EFB89A800025AE4 /* GIFMomentCamera */ = {
			isa = PBXNativeTarget;
			buildConfigurationList = 8D8744B21EFB89A800025AE4 /* Build configuration list for PBXNativeTarget "GIFMomentCamera" */;
			buildPhases = (
				4FB37EA837FD872237BDDBCE /* [CP] Check Pods Manifest.lock */,
				8D8744811EFB89A800025AE4 /* Sources */,
				8D8744821EFB89A800025AE4 /* Frameworks */,
				8D8744831EFB89A800025AE4 /* Resources */,
				F4A3CEC9EF96388AA8C3B29D /* [CP] Embed Pods Frameworks */,
				686BAAE3382C0D5C7AAA5B82 /* [CP] Copy Pods Resources */,
			);
			buildRules = (
			);
			dependencies = (
			);
			name = GIFMomentCamera;
			productName = GIFMomentCamera;
			productReference = 8D8744851EFB89A800025AE4 /* GIFMomentCamera.app */;
			productType = "com.apple.product-type.application";
		};
		8D87449D1EFB89A800025AE4 /* GIFMomentCameraTests */ = {
			isa = PBXNativeTarget;
			buildConfigurationList = 8D8744B51EFB89A800025AE4 /* Build configuration list for PBXNativeTarget "GIFMomentCameraTests" */;
			buildPhases = (
				CD45B4B913C43E9525C6CC10 /* [CP] Check Pods Manifest.lock */,
				8D87449A1EFB89A800025AE4 /* Sources */,
				8D87449B1EFB89A800025AE4 /* Frameworks */,
				8D87449C1EFB89A800025AE4 /* Resources */,
				D931D9CFB407333A27EEC1DD /* [CP] Embed Pods Frameworks */,
				1B98B6E712CBC28399074314 /* [CP] Copy Pods Resources */,
			);
			buildRules = (
			);
			dependencies = (
				8D8744A01EFB89A800025AE4 /* PBXTargetDependency */,
			);
			name = GIFMomentCameraTests;
			productName = GIFMomentCameraTests;
			productReference = 8D87449E1EFB89A800025AE4 /* GIFMomentCameraTests.xctest */;
			productType = "com.apple.product-type.bundle.unit-test";
		};
		8D8744A81EFB89A800025AE4 /* GIFMomentCameraUITests */ = {
			isa = PBXNativeTarget;
			buildConfigurationList = 8D8744B81EFB89A800025AE4 /* Build configuration list for PBXNativeTarget "GIFMomentCameraUITests" */;
			buildPhases = (
				05796FA9D6D0842F4C72A5E5 /* [CP] Check Pods Manifest.lock */,
				8D8744A51EFB89A800025AE4 /* Sources */,
				8D8744A61EFB89A800025AE4 /* Frameworks */,
				8D8744A71EFB89A800025AE4 /* Resources */,
				31CE058420B8483AC6E43C32 /* [CP] Embed Pods Frameworks */,
				A87E1F44A9BE5F66C3F9C99D /* [CP] Copy Pods Resources */,
			);
			buildRules = (
			);
			dependencies = (
				8D8744AB1EFB89A800025AE4 /* PBXTargetDependency */,
			);
			name = GIFMomentCameraUITests;
			productName = GIFMomentCameraUITests;
			productReference = 8D8744A91EFB89A800025AE4 /* GIFMomentCameraUITests.xctest */;
			productType = "com.apple.product-type.bundle.ui-testing";
		};
/* End PBXNativeTarget section */

/* Begin PBXProject section */
		8D87447D1EFB89A800025AE4 /* Project object */ = {
			isa = PBXProject;
			attributes = {
				LastUpgradeCheck = 0830;
				ORGANIZATIONNAME = "MonsterTech Studio";
				TargetAttributes = {
					8D8744841EFB89A800025AE4 = {
						CreatedOnToolsVersion = 8.3.2;
						DevelopmentTeam = TSXDWSWUUR;
						ProvisioningStyle = Automatic;
					};
					8D87449D1EFB89A800025AE4 = {
						CreatedOnToolsVersion = 8.3.2;
						DevelopmentTeam = TSXDWSWUUR;
						ProvisioningStyle = Automatic;
						TestTargetID = 8D8744841EFB89A800025AE4;
					};
					8D8744A81EFB89A800025AE4 = {
						CreatedOnToolsVersion = 8.3.2;
						DevelopmentTeam = TSXDWSWUUR;
						ProvisioningStyle = Automatic;
						TestTargetID = 8D8744841EFB89A800025AE4;
					};
				};
			};
			buildConfigurationList = 8D8744801EFB89A800025AE4 /* Build configuration list for PBXProject "GIFMomentCamera" */;
			compatibilityVersion = "Xcode 3.2";
			developmentRegion = English;
			hasScannedForEncodings = 0;
			knownRegions = (
				en,
				Base,
			);
			mainGroup = 8D87447C1EFB89A800025AE4;
			productRefGroup = 8D8744861EFB89A800025AE4 /* Products */;
			projectDirPath = "";
			projectRoot = "";
			targets = (
				8D8744841EFB89A800025AE4 /* GIFMomentCamera */,
				8D87449D1EFB89A800025AE4 /* GIFMomentCameraTests */,
				8D8744A81EFB89A800025AE4 /* GIFMomentCameraUITests */,
			);
		};
/* End PBXProject section */

/* Begin PBXResourcesBuildPhase section */
		8D8744831EFB89A800025AE4 /* Resources */ = {
			isa = PBXResourcesBuildPhase;
			buildActionMask = 2147483647;
			files = (
				8D9E4EE11EFCDD94006D9541 /* Filter_Bump.cisf in Resources */,
				8D84765D1EFD6ACC00A18A09 /* Filter_Sharp.cisf in Resources */,
				8D9F46B31EFB8FAD0015A94B /* MTSMainViewController.xib in Resources */,
				8D9E4EE41EFCDD94006D9541 /* Filter_Comic.cisf in Resources */,
				8D8476701F010A9D00A18A09 /* .gitkeep in Resources */,
				8D9E4EF11EFCDD94006D9541 /* Filter_Kaleidoscope.cisf in Resources */,
				8D9E4EEA1EFCDD94006D9541 /* Filter_Ghost.cisf in Resources */,
				8D84765F1EFD6DBE00A18A09 /* Filter_Normal.cisf in Resources */,
				8D9E4EEC1EFCDD94006D9541 /* Filter_Gloom.cisf in Resources */,
				8D9E4EE31EFCDD94006D9541 /* Filter_Colorful.cisf in Resources */,
				8D9E4EF71EFCDD94006D9541 /* Filter_Poster.cisf in Resources */,
				8D8476751F010A9D00A18A09 /* star.png in Resources */,
				728226381EFD76CA0014DCAC /* Phosphate.ttc in Resources */,
				8D9E4EF91EFCDD94006D9541 /* Filter_SepiaTone.cisf in Resources */,
				8D9E4F091EFD0CC6006D9541 /* Filter_Noir.cisf in Resources */,
				8D8744C61EFB8A4F00025AE4 /* MTSSettingViewController.xib in Resources */,
				8D9E4EEB1EFCDD94006D9541 /* Filter_GlideReflectedTile.cisf in Resources */,
				8D9E4EF61EFCDD94006D9541 /* Filter_Pixellate.cisf in Resources */,
				8D8744951EFB89A800025AE4 /* Assets.xcassets in Resources */,
				8D9E4EEE1EFCDD94006D9541 /* Filter_Hue_Green.cisf in Resources */,
				8D9E4F071EFD0B7A006D9541 /* filtersData.json in Resources */,
				8D9E4EF21EFCDD94006D9541 /* Filter_Lines.cisf in Resources */,
				8D84765B1EFD685B00A18A09 /* Filter_Motion_Blur.cisf in Resources */,
				8D9E4EE81EFCDD94006D9541 /* Filter_Exposure.cisf in Resources */,
				8D9E4EF51EFCDD94006D9541 /* Filter_Parallelogram.cisf in Resources */,
				8D9E4EE71EFCDD94006D9541 /* Filter_Droste.cisf in Resources */,
				8D9E4EFC1EFCDD94006D9541 /* Filter_Vortex.cisf in Resources */,
				8D9E4EFE1EFCDD94006D9541 /* Filter_ZoomBlur.cisf in Resources */,
				8D8476711F010A9D00A18A09 /* alert-round.png in Resources */,
				8D8744CB1EFB8A6E00025AE4 /* MTSCustomizationViewController.xib in Resources */,
				8D8476731F010A9D00A18A09 /* close-round.png in Resources */,
				8D9E4EED1EFCDD94006D9541 /* Filter_Halftone.cisf in Resources */,
				8D9E4EF41EFCDD94006D9541 /* Filter_MotionBlur.cisf in Resources */,
				8D9E4EF31EFCDD94006D9541 /* Filter_Mono.cisf in Resources */,
				8D9E4EF01EFCDD94006D9541 /* Filter_Instant.cisf in Resources */,
				8D9E4EFD1EFCDD94006D9541 /* Filter_Warm.cisf in Resources */,
				8D9E4EFB1EFCDD94006D9541 /* Filter_Thermal.cisf in Resources */,
				8D9E4EF81EFCDD94006D9541 /* Filter_Process.cisf in Resources */,
				8D8476741F010A9D00A18A09 /* heart.png in Resources */,
				8D9E4F051EFCEF10006D9541 /* MTSFilterCollectionViewCell.xib in Resources */,
				8D9E4EE51EFCDD94006D9541 /* Filter_Dark.cisf in Resources */,
				8D9E4EE61EFCDD94006D9541 /* Filter_Dot.cisf in Resources */,
				8D8476761F010A9D00A18A09 /* .gitkeep in Resources */,
				8D9E4EE91EFCDD94006D9541 /* Filter_Fade.cisf in Resources */,
				8D9E4EEF1EFCDD94006D9541 /* Filter_Hue_Rose.cisf in Resources */,
				8D9E4EE21EFCDD94006D9541 /* Filter_Chrome.cisf in Resources */,
				8D8476721F010A9D00A18A09 /* checkmark-round.png in Resources */,
				8D84767E1F02049600A18A09 /* IQLabelView.bundle in Resources */,
			);
			runOnlyForDeploymentPostprocessing = 0;
		};
		8D87449C1EFB89A800025AE4 /* Resources */ = {
			isa = PBXResourcesBuildPhase;
			buildActionMask = 2147483647;
			files = (
			);
			runOnlyForDeploymentPostprocessing = 0;
		};
		8D8744A71EFB89A800025AE4 /* Resources */ = {
			isa = PBXResourcesBuildPhase;
			buildActionMask = 2147483647;
			files = (
			);
			runOnlyForDeploymentPostprocessing = 0;
		};
/* End PBXResourcesBuildPhase section */

/* Begin PBXShellScriptBuildPhase section */
		05796FA9D6D0842F4C72A5E5 /* [CP] Check Pods Manifest.lock */ = {
			isa = PBXShellScriptBuildPhase;
			buildActionMask = 2147483647;
			files = (
			);
			inputPaths = (
			);
			name = "[CP] Check Pods Manifest.lock";
			outputPaths = (
			);
			runOnlyForDeploymentPostprocessing = 0;
			shellPath = /bin/sh;
			shellScript = "diff \"${PODS_ROOT}/../Podfile.lock\" \"${PODS_ROOT}/Manifest.lock\" > /dev/null\nif [[ $? != 0 ]] ; then\n    cat << EOM\nerror: The sandbox is not in sync with the Podfile.lock. Run 'pod install' or update your CocoaPods installation.\nEOM\n    exit 1\nfi\n";
			showEnvVarsInLog = 0;
		};
		1B98B6E712CBC28399074314 /* [CP] Copy Pods Resources */ = {
			isa = PBXShellScriptBuildPhase;
			buildActionMask = 2147483647;
			files = (
			);
			inputPaths = (
			);
			name = "[CP] Copy Pods Resources";
			outputPaths = (
			);
			runOnlyForDeploymentPostprocessing = 0;
			shellPath = /bin/sh;
			shellScript = "\"${SRCROOT}/Pods/Target Support Files/Pods-GIFMomentCameraTests/Pods-GIFMomentCameraTests-resources.sh\"\n";
			showEnvVarsInLog = 0;
		};
		31CE058420B8483AC6E43C32 /* [CP] Embed Pods Frameworks */ = {
			isa = PBXShellScriptBuildPhase;
			buildActionMask = 2147483647;
			files = (
			);
			inputPaths = (
			);
			name = "[CP] Embed Pods Frameworks";
			outputPaths = (
			);
			runOnlyForDeploymentPostprocessing = 0;
			shellPath = /bin/sh;
			shellScript = "\"${SRCROOT}/Pods/Target Support Files/Pods-GIFMomentCameraUITests/Pods-GIFMomentCameraUITests-frameworks.sh\"\n";
			showEnvVarsInLog = 0;
		};
		4FB37EA837FD872237BDDBCE /* [CP] Check Pods Manifest.lock */ = {
			isa = PBXShellScriptBuildPhase;
			buildActionMask = 2147483647;
			files = (
			);
			inputPaths = (
			);
			name = "[CP] Check Pods Manifest.lock";
			outputPaths = (
			);
			runOnlyForDeploymentPostprocessing = 0;
			shellPath = /bin/sh;
			shellScript = "diff \"${PODS_ROOT}/../Podfile.lock\" \"${PODS_ROOT}/Manifest.lock\" > /dev/null\nif [[ $? != 0 ]] ; then\n    cat << EOM\nerror: The sandbox is not in sync with the Podfile.lock. Run 'pod install' or update your CocoaPods installation.\nEOM\n    exit 1\nfi\n";
			showEnvVarsInLog = 0;
		};
		686BAAE3382C0D5C7AAA5B82 /* [CP] Copy Pods Resources */ = {
			isa = PBXShellScriptBuildPhase;
			buildActionMask = 2147483647;
			files = (
			);
			inputPaths = (
			);
			name = "[CP] Copy Pods Resources";
			outputPaths = (
			);
			runOnlyForDeploymentPostprocessing = 0;
			shellPath = /bin/sh;
			shellScript = "\"${SRCROOT}/Pods/Target Support Files/Pods-GIFMomentCamera/Pods-GIFMomentCamera-resources.sh\"\n";
			showEnvVarsInLog = 0;
		};
		A87E1F44A9BE5F66C3F9C99D /* [CP] Copy Pods Resources */ = {
			isa = PBXShellScriptBuildPhase;
			buildActionMask = 2147483647;
			files = (
			);
			inputPaths = (
			);
			name = "[CP] Copy Pods Resources";
			outputPaths = (
			);
			runOnlyForDeploymentPostprocessing = 0;
			shellPath = /bin/sh;
			shellScript = "\"${SRCROOT}/Pods/Target Support Files/Pods-GIFMomentCameraUITests/Pods-GIFMomentCameraUITests-resources.sh\"\n";
			showEnvVarsInLog = 0;
		};
		CD45B4B913C43E9525C6CC10 /* [CP] Check Pods Manifest.lock */ = {
			isa = PBXShellScriptBuildPhase;
			buildActionMask = 2147483647;
			files = (
			);
			inputPaths = (
			);
			name = "[CP] Check Pods Manifest.lock";
			outputPaths = (
			);
			runOnlyForDeploymentPostprocessing = 0;
			shellPath = /bin/sh;
			shellScript = "diff \"${PODS_ROOT}/../Podfile.lock\" \"${PODS_ROOT}/Manifest.lock\" > /dev/null\nif [[ $? != 0 ]] ; then\n    cat << EOM\nerror: The sandbox is not in sync with the Podfile.lock. Run 'pod install' or update your CocoaPods installation.\nEOM\n    exit 1\nfi\n";
			showEnvVarsInLog = 0;
		};
		D931D9CFB407333A27EEC1DD /* [CP] Embed Pods Frameworks */ = {
			isa = PBXShellScriptBuildPhase;
			buildActionMask = 2147483647;
			files = (
			);
			inputPaths = (
			);
			name = "[CP] Embed Pods Frameworks";
			outputPaths = (
			);
			runOnlyForDeploymentPostprocessing = 0;
			shellPath = /bin/sh;
			shellScript = "\"${SRCROOT}/Pods/Target Support Files/Pods-GIFMomentCameraTests/Pods-GIFMomentCameraTests-frameworks.sh\"\n";
			showEnvVarsInLog = 0;
		};
		F4A3CEC9EF96388AA8C3B29D /* [CP] Embed Pods Frameworks */ = {
			isa = PBXShellScriptBuildPhase;
			buildActionMask = 2147483647;
			files = (
			);
			inputPaths = (
			);
			name = "[CP] Embed Pods Frameworks";
			outputPaths = (
			);
			runOnlyForDeploymentPostprocessing = 0;
			shellPath = /bin/sh;
			shellScript = "\"${SRCROOT}/Pods/Target Support Files/Pods-GIFMomentCamera/Pods-GIFMomentCamera-frameworks.sh\"\n";
			showEnvVarsInLog = 0;
		};
/* End PBXShellScriptBuildPhase section */

/* Begin PBXSourcesBuildPhase section */
		8D8744811EFB89A800025AE4 /* Sources */ = {
			isa = PBXSourcesBuildPhase;
			buildActionMask = 2147483647;
			files = (
				8D9F47071EFB94C00015A94B /* DGActivityIndicatorBallScaleAnimation.m in Sources */,
				8D0FC0CA1EFCAD8C004B634E /* SCRecordSessionManager.m in Sources */,
				8D9F47021EFB94C00015A94B /* DGActivityIndicatorBallGridBeatAnimation.m in Sources */,
				8D9F47031EFB94C00015A94B /* DGActivityIndicatorBallGridPulseAnimation.m in Sources */,
				8D9F47171EFB94C00015A94B /* DGActivityIndicatorRotatingSandglassAnimation.m in Sources */,
				8D9F47011EFB94C00015A94B /* DGActivityIndicatorBallClipRotatePulseAnimation.m in Sources */,
				8D9F47091EFB94C00015A94B /* DGActivityIndicatorBallScaleRippleAnimation.m in Sources */,
				8D9F47151EFB94C00015A94B /* DGActivityIndicatorLineScalePulseOutRapidAnimation.m in Sources */,
				8D9F47121EFB94C00015A94B /* DGActivityIndicatorLineScaleAnimation.m in Sources */,
				8D9F470F1EFB94C00015A94B /* DGActivityIndicatorCookieTerminatorAnimation.m in Sources */,
				8D9F47111EFB94C00015A94B /* DGActivityIndicatorFiveDotsAnimation.m in Sources */,
				8D9F471B1EFB94C00015A94B /* DGActivityIndicatorTriangleSkewSpinAnimation.m in Sources */,
				8D9F47141EFB94C00015A94B /* DGActivityIndicatorLineScalePulseOutAnimation.m in Sources */,
				8D9F47001EFB94C00015A94B /* DGActivityIndicatorBallClipRotateMultipleAnimation.m in Sources */,
				8D8476771F010A9D00A18A09 /* FCAlertView.m in Sources */,
				8D9F46FF1EFB94C00015A94B /* DGActivityIndicatorBallClipRotateAnimation.m in Sources */,
				8D9F471E1EFB94C00015A94B /* DGActivityIndicatorTwoDotsAnimation.m in Sources */,
				8D9F47041EFB94C00015A94B /* DGActivityIndicatorBallPulseAnimation.m in Sources */,
				8D9F47101EFB94C00015A94B /* DGActivityIndicatorDoubleBounceAnimation.m in Sources */,
				8D84767F1F02049600A18A09 /* IQLabelView.m in Sources */,
				8D9F47161EFB94C00015A94B /* DGActivityIndicatorNineDotsAnimation.m in Sources */,
				8D9F470A1EFB94C00015A94B /* DGActivityIndicatorBallScaleRippleMultipleAnimation.m in Sources */,
				8D9F47081EFB94C00015A94B /* DGActivityIndicatorBallScaleMultipleAnimation.m in Sources */,
				8D8476801F02049600A18A09 /* UITextField+DynamicFontSize.m in Sources */,
				8D8744CF1EFB8AA600025AE4 /* NSGIF.m in Sources */,
				8D9F471D1EFB94C00015A94B /* DGActivityIndicatorTripleRingsAnimation.m in Sources */,
				8D9F471F1EFB94C00015A94B /* DGActivityIndicatorView.m in Sources */,
				8D9F46B21EFB8FAD0015A94B /* MTSMainViewController.m in Sources */,
				8D8476891F023A2B00A18A09 /* MTSVideoOverlayView.m in Sources */,
				8D0FC0BD1EFBC136004B634E /* BlurMenu.m in Sources */,
				8D9F471A1EFB94C00015A94B /* DGActivityIndicatorThreeDotsAnimation.m in Sources */,
				8D9F46FE1EFB94C00015A94B /* DGActivityIndicatorBallBeatAnimation.m in Sources */,
				8D9F470B1EFB94C00015A94B /* DGActivityIndicatorBallSpinFadeLoader.m in Sources */,
				8D8744C51EFB8A4F00025AE4 /* MTSSettingViewController.m in Sources */,
				8D9F47191EFB94C00015A94B /* DGActivityIndicatorRotatingTrigonAnimation.m in Sources */,
				8D9F470E1EFB94C00015A94B /* DGActivityIndicatorBallZigZagDeflectAnimation.m in Sources */,
				8D9F470D1EFB94C00015A94B /* DGActivityIndicatorBallZigZagAnimation.m in Sources */,
				8D9E4F041EFCEF10006D9541 /* MTSFilterCollectionViewCell.m in Sources */,
				8D8744CA1EFB8A6E00025AE4 /* MTSCustomizationViewController.m in Sources */,
				8D87448D1EFB89A800025AE4 /* AppDelegate.m in Sources */,
				8D8476581EFD100E00A18A09 /* MTSFilterDataModel.m in Sources */,
				8D9F471C1EFB94C00015A94B /* DGActivityIndicatorTriplePulseAnimation.m in Sources */,
				8D9F47181EFB94C00015A94B /* DGActivityIndicatorRotatingSquaresAnimation.m in Sources */,
				8D9F47051EFB94C00015A94B /* DGActivityIndicatorBallPulseSyncAnimation.m in Sources */,
				8D9F47061EFB94C00015A94B /* DGActivityIndicatorBallRotateAnimation.m in Sources */,
				8D0FC0BE1EFBC136004B634E /* BlurMenuItemCell.m in Sources */,
				8D8744D31EFB8ADE00025AE4 /* SDRecordButton.m in Sources */,
				8D9F470C1EFB94C00015A94B /* DGActivityIndicatorBallTrianglePathAnimation.m in Sources */,
				8D0FC0C11EFBC1FD004B634E /* UIImage+ImageEffects.m in Sources */,
				8D9F46FD1EFB94BF0015A94B /* DGActivityIndicatorAnimation.m in Sources */,
				8D9F47131EFB94C00015A94B /* DGActivityIndicatorLineScalePartyAnimation.m in Sources */,
				8D87448A1EFB89A800025AE4 /* main.m in Sources */,
			);
			runOnlyForDeploymentPostprocessing = 0;
		};
		8D87449A1EFB89A800025AE4 /* Sources */ = {
			isa = PBXSourcesBuildPhase;
			buildActionMask = 2147483647;
			files = (
				8D8744A31EFB89A800025AE4 /* GIFMomentCameraTests.m in Sources */,
			);
			runOnlyForDeploymentPostprocessing = 0;
		};
		8D8744A51EFB89A800025AE4 /* Sources */ = {
			isa = PBXSourcesBuildPhase;
			buildActionMask = 2147483647;
			files = (
				8D8744AE1EFB89A800025AE4 /* GIFMomentCameraUITests.m in Sources */,
			);
			runOnlyForDeploymentPostprocessing = 0;
		};
/* End PBXSourcesBuildPhase section */

/* Begin PBXTargetDependency section */
		8D8744A01EFB89A800025AE4 /* PBXTargetDependency */ = {
			isa = PBXTargetDependency;
			target = 8D8744841EFB89A800025AE4 /* GIFMomentCamera */;
			targetProxy = 8D87449F1EFB89A800025AE4 /* PBXContainerItemProxy */;
		};
		8D8744AB1EFB89A800025AE4 /* PBXTargetDependency */ = {
			isa = PBXTargetDependency;
			target = 8D8744841EFB89A800025AE4 /* GIFMomentCamera */;
			targetProxy = 8D8744AA1EFB89A800025AE4 /* PBXContainerItemProxy */;
		};
/* End PBXTargetDependency section */

/* Begin XCBuildConfiguration section */
		8D8744B01EFB89A800025AE4 /* Debug */ = {
			isa = XCBuildConfiguration;
			buildSettings = {
				ALWAYS_SEARCH_USER_PATHS = NO;
				CLANG_ANALYZER_NONNULL = YES;
				CLANG_ANALYZER_NUMBER_OBJECT_CONVERSION = YES_AGGRESSIVE;
				CLANG_CXX_LANGUAGE_STANDARD = "gnu++0x";
				CLANG_CXX_LIBRARY = "libc++";
				CLANG_ENABLE_MODULES = YES;
				CLANG_ENABLE_OBJC_ARC = YES;
				CLANG_WARN_BOOL_CONVERSION = YES;
				CLANG_WARN_CONSTANT_CONVERSION = YES;
				CLANG_WARN_DIRECT_OBJC_ISA_USAGE = YES_ERROR;
				CLANG_WARN_DOCUMENTATION_COMMENTS = YES;
				CLANG_WARN_EMPTY_BODY = YES;
				CLANG_WARN_ENUM_CONVERSION = YES;
				CLANG_WARN_INFINITE_RECURSION = YES;
				CLANG_WARN_INT_CONVERSION = YES;
				CLANG_WARN_OBJC_ROOT_CLASS = YES_ERROR;
				CLANG_WARN_SUSPICIOUS_MOVE = YES;
				CLANG_WARN_UNREACHABLE_CODE = YES;
				CLANG_WARN__DUPLICATE_METHOD_MATCH = YES;
				"CODE_SIGN_IDENTITY[sdk=iphoneos*]" = "iPhone Developer";
				COPY_PHASE_STRIP = NO;
				DEBUG_INFORMATION_FORMAT = dwarf;
				ENABLE_STRICT_OBJC_MSGSEND = YES;
				ENABLE_TESTABILITY = YES;
				GCC_C_LANGUAGE_STANDARD = gnu99;
				GCC_DYNAMIC_NO_PIC = NO;
				GCC_NO_COMMON_BLOCKS = YES;
				GCC_OPTIMIZATION_LEVEL = 0;
				GCC_PREFIX_HEADER = "";
				GCC_PREPROCESSOR_DEFINITIONS = (
					"DEBUG=1",
					"$(inherited)",
				);
				GCC_WARN_64_TO_32_BIT_CONVERSION = YES;
				GCC_WARN_ABOUT_RETURN_TYPE = YES_ERROR;
				GCC_WARN_UNDECLARED_SELECTOR = YES;
				GCC_WARN_UNINITIALIZED_AUTOS = YES_AGGRESSIVE;
				GCC_WARN_UNUSED_FUNCTION = YES;
				GCC_WARN_UNUSED_VARIABLE = YES;
				IPHONEOS_DEPLOYMENT_TARGET = 10.3;
				MTL_ENABLE_DEBUG_INFO = YES;
				ONLY_ACTIVE_ARCH = YES;
				SDKROOT = iphoneos;
				TARGETED_DEVICE_FAMILY = "1,2";
			};
			name = Debug;
		};
		8D8744B11EFB89A800025AE4 /* Release */ = {
			isa = XCBuildConfiguration;
			buildSettings = {
				ALWAYS_SEARCH_USER_PATHS = NO;
				CLANG_ANALYZER_NONNULL = YES;
				CLANG_ANALYZER_NUMBER_OBJECT_CONVERSION = YES_AGGRESSIVE;
				CLANG_CXX_LANGUAGE_STANDARD = "gnu++0x";
				CLANG_CXX_LIBRARY = "libc++";
				CLANG_ENABLE_MODULES = YES;
				CLANG_ENABLE_OBJC_ARC = YES;
				CLANG_WARN_BOOL_CONVERSION = YES;
				CLANG_WARN_CONSTANT_CONVERSION = YES;
				CLANG_WARN_DIRECT_OBJC_ISA_USAGE = YES_ERROR;
				CLANG_WARN_DOCUMENTATION_COMMENTS = YES;
				CLANG_WARN_EMPTY_BODY = YES;
				CLANG_WARN_ENUM_CONVERSION = YES;
				CLANG_WARN_INFINITE_RECURSION = YES;
				CLANG_WARN_INT_CONVERSION = YES;
				CLANG_WARN_OBJC_ROOT_CLASS = YES_ERROR;
				CLANG_WARN_SUSPICIOUS_MOVE = YES;
				CLANG_WARN_UNREACHABLE_CODE = YES;
				CLANG_WARN__DUPLICATE_METHOD_MATCH = YES;
				"CODE_SIGN_IDENTITY[sdk=iphoneos*]" = "iPhone Developer";
				COPY_PHASE_STRIP = NO;
				DEBUG_INFORMATION_FORMAT = "dwarf-with-dsym";
				ENABLE_NS_ASSERTIONS = NO;
				ENABLE_STRICT_OBJC_MSGSEND = YES;
				GCC_C_LANGUAGE_STANDARD = gnu99;
				GCC_NO_COMMON_BLOCKS = YES;
				GCC_PREFIX_HEADER = "";
				GCC_WARN_64_TO_32_BIT_CONVERSION = YES;
				GCC_WARN_ABOUT_RETURN_TYPE = YES_ERROR;
				GCC_WARN_UNDECLARED_SELECTOR = YES;
				GCC_WARN_UNINITIALIZED_AUTOS = YES_AGGRESSIVE;
				GCC_WARN_UNUSED_FUNCTION = YES;
				GCC_WARN_UNUSED_VARIABLE = YES;
				IPHONEOS_DEPLOYMENT_TARGET = 10.3;
				MTL_ENABLE_DEBUG_INFO = NO;
				SDKROOT = iphoneos;
				TARGETED_DEVICE_FAMILY = "1,2";
				VALIDATE_PRODUCT = YES;
			};
			name = Release;
		};
		8D8744B31EFB89A800025AE4 /* Debug */ = {
			isa = XCBuildConfiguration;
			baseConfigurationReference = 00AD29F848EE6426AA8093A7 /* Pods-GIFMomentCamera.debug.xcconfig */;
			buildSettings = {
				ASSETCATALOG_COMPILER_APPICON_NAME = AppIcon;
				ASSETCATALOG_COMPILER_LAUNCHIMAGE_NAME = LaunchImage;
				DEVELOPMENT_TEAM = TSXDWSWUUR;
				HEADER_SEARCH_PATHS = (
					"$(inherited)/**",
					"\"${PODS_ROOT}/Headers/Public\"/**",
					"\"${PODS_ROOT}/Headers/Public/ChameleonFramework\"/**",
					"\"${PODS_ROOT}/Headers/Public/JVTransitionAnimator\"/**",
					"\"${PODS_ROOT}/Headers/Public/SCRecorder\"/**",
				);
				INFOPLIST_FILE = GIFMomentCamera/Info.plist;
				IPHONEOS_DEPLOYMENT_TARGET = 8.0;
				LD_RUNPATH_SEARCH_PATHS = "$(inherited) @executable_path/Frameworks";
				PRODUCT_BUNDLE_IDENTIFIER = com.monstertechstudio.GIFMomentCamera;
				PRODUCT_NAME = "$(TARGET_NAME)";
				TARGETED_DEVICE_FAMILY = "1,2";
			};
			name = Debug;
		};
		8D8744B41EFB89A800025AE4 /* Release */ = {
			isa = XCBuildConfiguration;
			baseConfigurationReference = FF61EB7F1D68259143ACC6B4 /* Pods-GIFMomentCamera.release.xcconfig */;
			buildSettings = {
				ASSETCATALOG_COMPILER_APPICON_NAME = AppIcon;
				ASSETCATALOG_COMPILER_LAUNCHIMAGE_NAME = LaunchImage;
				DEVELOPMENT_TEAM = TSXDWSWUUR;
				HEADER_SEARCH_PATHS = (
					"$(inherited)/**",
					"\"${PODS_ROOT}/Headers/Public\"/**",
					"\"${PODS_ROOT}/Headers/Public/ChameleonFramework\"/**",
					"\"${PODS_ROOT}/Headers/Public/JVTransitionAnimator\"/**",
					"\"${PODS_ROOT}/Headers/Public/SCRecorder\"/**",
				);
				INFOPLIST_FILE = GIFMomentCamera/Info.plist;
				IPHONEOS_DEPLOYMENT_TARGET = 8.0;
				LD_RUNPATH_SEARCH_PATHS = "$(inherited) @executable_path/Frameworks";
				PRODUCT_BUNDLE_IDENTIFIER = com.monstertechstudio.GIFMomentCamera;
				PRODUCT_NAME = "$(TARGET_NAME)";
				TARGETED_DEVICE_FAMILY = "1,2";
			};
			name = Release;
		};
		8D8744B61EFB89A800025AE4 /* Debug */ = {
			isa = XCBuildConfiguration;
			baseConfigurationReference = 91554483649C4C1770C410A1 /* Pods-GIFMomentCameraTests.debug.xcconfig */;
			buildSettings = {
				BUNDLE_LOADER = "$(TEST_HOST)";
				DEVELOPMENT_TEAM = TSXDWSWUUR;
				INFOPLIST_FILE = GIFMomentCameraTests/Info.plist;
				LD_RUNPATH_SEARCH_PATHS = "$(inherited) @executable_path/Frameworks @loader_path/Frameworks";
				PRODUCT_BUNDLE_IDENTIFIER = com.monstertechstudio.GIFMomentCameraTests;
				PRODUCT_NAME = "$(TARGET_NAME)";
				TEST_HOST = "$(BUILT_PRODUCTS_DIR)/GIFMomentCamera.app/GIFMomentCamera";
			};
			name = Debug;
		};
		8D8744B71EFB89A800025AE4 /* Release */ = {
			isa = XCBuildConfiguration;
			baseConfigurationReference = 6D0830479FE1A317D0126F0F /* Pods-GIFMomentCameraTests.release.xcconfig */;
			buildSettings = {
				BUNDLE_LOADER = "$(TEST_HOST)";
				DEVELOPMENT_TEAM = TSXDWSWUUR;
				INFOPLIST_FILE = GIFMomentCameraTests/Info.plist;
				LD_RUNPATH_SEARCH_PATHS = "$(inherited) @executable_path/Frameworks @loader_path/Frameworks";
				PRODUCT_BUNDLE_IDENTIFIER = com.monstertechstudio.GIFMomentCameraTests;
				PRODUCT_NAME = "$(TARGET_NAME)";
				TEST_HOST = "$(BUILT_PRODUCTS_DIR)/GIFMomentCamera.app/GIFMomentCamera";
			};
			name = Release;
		};
		8D8744B91EFB89A800025AE4 /* Debug */ = {
			isa = XCBuildConfiguration;
			baseConfigurationReference = 5BDDCBA160E1D8E82FF75B55 /* Pods-GIFMomentCameraUITests.debug.xcconfig */;
			buildSettings = {
				DEVELOPMENT_TEAM = TSXDWSWUUR;
				INFOPLIST_FILE = GIFMomentCameraUITests/Info.plist;
				LD_RUNPATH_SEARCH_PATHS = "$(inherited) @executable_path/Frameworks @loader_path/Frameworks";
				PRODUCT_BUNDLE_IDENTIFIER = com.monstertechstudio.GIFMomentCameraUITests;
				PRODUCT_NAME = "$(TARGET_NAME)";
				TEST_TARGET_NAME = GIFMomentCamera;
			};
			name = Debug;
		};
		8D8744BA1EFB89A800025AE4 /* Release */ = {
			isa = XCBuildConfiguration;
			baseConfigurationReference = 21337B17F96AE616D4F9A554 /* Pods-GIFMomentCameraUITests.release.xcconfig */;
			buildSettings = {
				DEVELOPMENT_TEAM = TSXDWSWUUR;
				INFOPLIST_FILE = GIFMomentCameraUITests/Info.plist;
				LD_RUNPATH_SEARCH_PATHS = "$(inherited) @executable_path/Frameworks @loader_path/Frameworks";
				PRODUCT_BUNDLE_IDENTIFIER = com.monstertechstudio.GIFMomentCameraUITests;
				PRODUCT_NAME = "$(TARGET_NAME)";
				TEST_TARGET_NAME = GIFMomentCamera;
			};
			name = Release;
		};
/* End XCBuildConfiguration section */

/* Begin XCConfigurationList section */
		8D8744801EFB89A800025AE4 /* Build configuration list for PBXProject "GIFMomentCamera" */ = {
			isa = XCConfigurationList;
			buildConfigurations = (
				8D8744B01EFB89A800025AE4 /* Debug */,
				8D8744B11EFB89A800025AE4 /* Release */,
			);
			defaultConfigurationIsVisible = 0;
			defaultConfigurationName = Release;
		};
		8D8744B21EFB89A800025AE4 /* Build configuration list for PBXNativeTarget "GIFMomentCamera" */ = {
			isa = XCConfigurationList;
			buildConfigurations = (
				8D8744B31EFB89A800025AE4 /* Debug */,
				8D8744B41EFB89A800025AE4 /* Release */,
			);
			defaultConfigurationIsVisible = 0;
			defaultConfigurationName = Release;
		};
		8D8744B51EFB89A800025AE4 /* Build configuration list for PBXNativeTarget "GIFMomentCameraTests" */ = {
			isa = XCConfigurationList;
			buildConfigurations = (
				8D8744B61EFB89A800025AE4 /* Debug */,
				8D8744B71EFB89A800025AE4 /* Release */,
			);
			defaultConfigurationIsVisible = 0;
			defaultConfigurationName = Release;
		};
		8D8744B81EFB89A800025AE4 /* Build configuration list for PBXNativeTarget "GIFMomentCameraUITests" */ = {
			isa = XCConfigurationList;
			buildConfigurations = (
				8D8744B91EFB89A800025AE4 /* Debug */,
				8D8744BA1EFB89A800025AE4 /* Release */,
			);
			defaultConfigurationIsVisible = 0;
			defaultConfigurationName = Release;
		};
/* End XCConfigurationList section */
	};
	rootObject = 8D87447D1EFB89A800025AE4 /* Project object */;
}
